{
  "version": 4,
  "terraform_version": "0.14.4",
  "serial": 1679,
  "lineage": "cca2b22b-9d2e-9be6-f3e4-22a614354878",
  "outputs": {
    "chkp_ext_alb_fqdn": {
      "value": "chkp-ext-alb-1469550488.ap-southeast-1.elb.amazonaws.com",
      "type": "string"
    }
  },
  "resources": [
    {
      "mode": "data",
      "type": "aws_ami",
      "name": "aws_webserver",
      "provider": "provider[\"registry.terraform.io/hashicorp/aws\"]",
      "instances": [
        {
          "schema_version": 0,
          "attributes": {
            "architecture": "x86_64",
            "arn": "arn:aws:ec2:ap-southeast-1::image/ami-096ad2f8dcc4df93d",
            "block_device_mappings": [
              {
                "device_name": "/dev/sda1",
                "ebs": {
                  "delete_on_termination": "true",
                  "encrypted": "false",
                  "iops": "0",
                  "snapshot_id": "snap-0b18d972d2b1881b5",
                  "throughput": "0",
                  "volume_size": "8",
                  "volume_type": "gp2"
                },
                "no_device": "",
                "virtual_name": ""
              },
              {
                "device_name": "/dev/sdb",
                "ebs": {},
                "no_device": "",
                "virtual_name": "ephemeral0"
              },
              {
                "device_name": "/dev/sdc",
                "ebs": {},
                "no_device": "",
                "virtual_name": "ephemeral1"
              }
            ],
            "creation_date": "2024-04-11T03:57:29.000Z",
            "description": "Canonical, Ubuntu, 22.04 LTS, amd64 jammy image build on 2024-04-11",
            "ena_support": true,
            "executable_users": null,
            "filter": [
              {
                "name": "name",
                "values": [
                  "ubuntu/images/hvm-ssd/ubuntu-jammy-22.04-amd64-server-*"
                ]
              },
              {
                "name": "virtualization-type",
                "values": [
                  "hvm"
                ]
              }
            ],
            "hypervisor": "xen",
            "id": "ami-096ad2f8dcc4df93d",
            "image_id": "ami-096ad2f8dcc4df93d",
            "image_location": "aws-marketplace/ubuntu/images/hvm-ssd/ubuntu-jammy-22.04-amd64-server-20240411-47489723-7305-4e22-8b22-b0d57054f216",
            "image_owner_alias": "aws-marketplace",
            "image_type": "machine",
            "kernel_id": null,
            "most_recent": true,
            "name": "ubuntu/images/hvm-ssd/ubuntu-jammy-22.04-amd64-server-20240411-47489723-7305-4e22-8b22-b0d57054f216",
            "name_regex": null,
            "owner_id": "679593333241",
            "owners": [
              "679593333241"
            ],
            "platform": null,
            "platform_details": "Linux/UNIX",
            "product_codes": [
              {
                "product_code_id": "47xbqns9xujfkkjt189a13aqe",
                "product_code_type": "marketplace"
              }
            ],
            "public": true,
            "ramdisk_id": null,
            "root_device_name": "/dev/sda1",
            "root_device_type": "ebs",
            "root_snapshot_id": "snap-0b18d972d2b1881b5",
            "sriov_net_support": "simple",
            "state": "available",
            "state_reason": {
              "code": "UNSET",
              "message": "UNSET"
            },
            "tags": {},
            "usage_operation": "RunInstances",
            "virtualization_type": "hvm"
          },
          "sensitive_attributes": []
        }
      ]
    },
    {
      "mode": "data",
      "type": "aws_availability_zones",
      "name": "azs",
      "provider": "provider[\"registry.terraform.io/hashicorp/aws\"]",
      "instances": [
        {
          "schema_version": 0,
          "attributes": {
            "all_availability_zones": null,
            "exclude_names": null,
            "exclude_zone_ids": null,
            "filter": null,
            "group_names": [
              "ap-southeast-1"
            ],
            "id": "ap-southeast-1",
            "names": [
              "ap-southeast-1a",
              "ap-southeast-1b",
              "ap-southeast-1c"
            ],
            "state": null,
            "zone_ids": [
              "apse1-az2",
              "apse1-az1",
              "apse1-az3"
            ]
          },
          "sensitive_attributes": []
        }
      ]
    },
    {
      "mode": "managed",
      "type": "aws_cloudformation_stack",
      "name": "chkp_in_asg_cft_stack",
      "provider": "provider[\"registry.terraform.io/hashicorp/aws\"]",
      "instances": [
        {
          "schema_version": 0,
          "attributes": {
            "capabilities": [
              "CAPABILITY_IAM"
            ],
            "disable_rollback": false,
            "iam_role_arn": "",
            "id": "arn:aws:cloudformation:ap-southeast-1:331283279341:stack/chkp-asg-thtan-in-asg-cft-stack/87a50180-f8ae-11ee-993b-0244ee324131",
            "name": "chkp-asg-thtan-in-asg-cft-stack",
            "notification_arns": null,
            "on_failure": null,
            "outputs": {
              "SecurityGroup": "sg-08e95ebca6ddf1cb1",
              "URL": "http://internal-chkp-asg-ElasticL-1JMXAXYOC971C-712861531.ap-southeast-1.elb.amazonaws.com"
            },
            "parameters": {
              "ConfigurationTemplate": "cptemplate",
              "ControlGatewayOverPrivateOrPublicAddress": "private",
              "ELBClients": "0.0.0.0/0",
              "ELBPort": "8080",
              "ELBType": "internal",
              "GatewayInstanceType": "c5n.large",
              "GatewayName": "chkp-asg-thtan-in-asg",
              "GatewayPasswordHash": "****",
              "GatewaySICKey": "****",
              "GatewayVersion": "R81.20-BYOL",
              "GatewaysMaxSize": "2",
              "GatewaysMinSize": "1",
              "GatewaysSubnets": "subnet-022889e134e82157d,subnet-0ecdc20d8db46b41d,subnet-03632329693af1d63",
              "GatewaysTargetGroups": "arn:aws:elasticloadbalancing:ap-southeast-1:331283279341:targetgroup/chkp-ext-alb-tg/b39e70dd8dc538d3",
              "KeyName": "KeyPair-TTH",
              "ManagementServer": "cpsms",
              "Shell": "/bin/bash",
              "VPC": "vpc-072637554d2b85376"
            },
            "policy_body": null,
            "policy_url": null,
            "tags": null,
            "tags_all": {},
            "template_body": "AWSTemplateFormatVersion: 2010-09-09\nDescription: Create an Auto Scaling group of Check Point gateways (20240409)\nMetadata:\n  AWS::CloudFormation::Interface:\n    ParameterGroups:\n      - Label:\n          default: VPC Network Configuration\n        Parameters:\n          - VPC\n          - GatewaysSubnets\n      - Label:\n          default: EC2 Instances Configuration\n        Parameters:\n          - GatewayName\n          - GatewayInstanceType\n          - KeyName\n          - VolumeSize\n          - VolumeType\n          - EnableVolumeEncryption\n          - EnableInstanceConnect\n      - Label:\n          default: Auto Scaling Configuration\n        Parameters:\n          - GatewaysMinSize\n          - GatewaysMaxSize\n          - AdminEmail\n          - GatewaysTargetGroups\n      - Label:\n          default: Check Point Settings\n        Parameters:\n          - GatewayVersion\n          - Shell\n          - GatewayPasswordHash\n          - GatewayMaintenancePasswordHash\n          - GatewaySICKey\n          - AllowUploadDownload\n          - CloudWatch\n          - GatewayBootstrapScript\n      - Label:\n          default: Automatic Provisioning with Security Management Server Settings\n        Parameters:\n          - ControlGatewayOverPrivateOrPublicAddress\n          - ManagementServer\n          - ConfigurationTemplate\n      - Label:\n          default: Proxy Configuration (optional)\n        Parameters:\n          - ELBType\n          - ELBPort\n          - ELBClients\n    ParameterLabels:\n      VPC:\n        default: VPC\n      GatewaysSubnets:\n        default: Gateways subnets\n      GatewayName:\n        default: Gateways name\n      GatewayInstanceType:\n        default: Gateways instance type\n      KeyName:\n        default: Key name\n      VolumeSize:\n        default: Root volume size (GB)\n      VolumeType:\n        default: Volume Type\n      EnableVolumeEncryption:\n        default: Enable volume encryption\n      EnableInstanceConnect:\n        default: Enable AWS Instance Connect\n      GatewaysMinSize:\n        default: Minimum Gateway group size\n      GatewaysMaxSize:\n        default: Maximum Gateway group size\n      AdminEmail:\n        default: Email address\n      GatewaysTargetGroups:\n        default: Gateways target groups\n      GatewayVersion:\n        default: Gateways version \u0026 license\n      Shell:\n        default: Admin shell\n      GatewayPasswordHash:\n        default: Gateways Password hash\n      GatewayMaintenancePasswordHash:\n        default: Gateway Maintenance Password hash\n      GatewaySICKey:\n        default: Gateways SIC key\n      AllowUploadDownload:\n        default: Allow upload \u0026 download\n      CloudWatch:\n        default: CloudWatch metrics\n      GatewayBootstrapScript:\n        default: Gateways bootstrap script\n      ControlGatewayOverPrivateOrPublicAddress:\n        default: Gateways addresses\n      ManagementServer:\n        default: Management Server\n      ConfigurationTemplate:\n        default: Configuration template\n      ELBType:\n        default: Proxy type\n      ELBPort:\n        default: Proxy port\n      ELBClients:\n        default: Allowed proxy clients\nParameters:\n  VPC:\n    Description: Select an existing VPC.\n    Type: AWS::EC2::VPC::Id\n    MinLength: 1\n  GatewaysSubnets:\n    Description: Select at least 2 public subnets in the VPC.\n    Type: List\u003cAWS::EC2::Subnet::Id\u003e\n    MinLength: 2\n  GatewayName:\n    Description: The name tag of the Security Gateway instances. (optional)\n    Type: String\n    Default: Check-Point-Gateway\n  GatewayInstanceType:\n    Description: The instance type of the Secutiry Gateways.\n    Type: String\n    Default: c5.xlarge\n    AllowedValues:\n      - c4.large\n      - c4.xlarge\n      - c5.large\n      - c5.xlarge\n      - c5.2xlarge\n      - c5.4xlarge\n      - c5.9xlarge\n      - c5.12xlarge\n      - c5.18xlarge\n      - c5.24xlarge\n      - c5n.large\n      - c5n.xlarge\n      - c5n.2xlarge\n      - c5n.4xlarge\n      - c5n.9xlarge\n      - c5n.18xlarge\n      - c5d.large\n      - c5d.xlarge\n      - c5d.2xlarge\n      - c5d.4xlarge\n      - c5d.9xlarge\n      - c5d.12xlarge\n      - c5d.18xlarge\n      - c5d.24xlarge\n      - m5.large\n      - m5.xlarge\n      - m5.2xlarge\n      - m5.4xlarge\n      - m5.8xlarge\n      - m5.12xlarge\n      - m5.16xlarge\n      - m5.24xlarge\n      - m6i.large\n      - m6i.xlarge\n      - m6i.2xlarge\n      - m6i.4xlarge\n      - m6i.8xlarge\n      - m6i.12xlarge\n      - m6i.16xlarge\n      - m6i.24xlarge\n      - m6i.32xlarge\n      - c6i.large\n      - c6i.xlarge\n      - c6i.2xlarge\n      - c6i.4xlarge\n      - c6i.8xlarge\n      - c6i.12xlarge\n      - c6i.16xlarge\n      - c6i.24xlarge\n      - c6i.32xlarge\n      - c6in.large\n      - c6in.xlarge\n      - c6in.2xlarge\n      - c6in.4xlarge\n      - c6in.8xlarge\n      - c6in.12xlarge\n      - c6in.16xlarge\n      - c6in.24xlarge\n      - c6in.32xlarge\n      - r5.large\n      - r5.xlarge\n      - r5.2xlarge\n      - r5.4xlarge\n      - r5.8xlarge\n      - r5.12xlarge\n      - r5.16xlarge\n      - r5.24xlarge\n      - r5a.large\n      - r5a.xlarge\n      - r5a.2xlarge\n      - r5a.4xlarge\n      - r5a.8xlarge\n      - r5a.12xlarge\n      - r5a.16xlarge\n      - r5a.24xlarge\n      - r5b.large\n      - r5b.xlarge\n      - r5b.2xlarge\n      - r5b.4xlarge\n      - r5b.8xlarge\n      - r5b.12xlarge\n      - r5b.16xlarge\n      - r5b.24xlarge\n      - r5n.large\n      - r5n.xlarge\n      - r5n.2xlarge\n      - r5n.4xlarge\n      - r5n.8xlarge\n      - r5n.12xlarge\n      - r5n.16xlarge\n      - r5n.24xlarge\n      - r6i.large\n      - r6i.xlarge\n      - r6i.2xlarge\n      - r6i.4xlarge\n      - r6i.8xlarge\n      - r6i.12xlarge\n      - r6i.16xlarge\n      - r6i.24xlarge\n      - r6i.32xlarge\n      - m6a.large\n      - m6a.xlarge\n      - m6a.2xlarge\n      - m6a.4xlarge\n      - m6a.8xlarge\n      - m6a.12xlarge\n      - m6a.16xlarge\n      - m6a.24xlarge\n      - m6a.32xlarge\n      - m6a.48xlarge\n    ConstraintDescription: must be a valid EC2 instance type.\n  KeyName:\n    Description: The EC2 Key Pair to allow SSH access to the instances.\n    Type: AWS::EC2::KeyPair::KeyName\n    MinLength: 1\n    ConstraintDescription: Must be the name of an existing EC2 KeyPair.\n  VolumeSize:\n    Type: Number\n    Default: 100\n    MinValue: 100\n  VolumeType:\n    Description: General Purpose SSD Volume Type\n    Type: String\n    Default: gp3\n    AllowedValues:\n      - gp3\n      - gp2\n  EnableVolumeEncryption:\n    Description: Encrypt Auto Scaling instances volume with default AWS KMS key.\n    Type: String\n    Default: true\n    AllowedValues:\n      - true\n      - false\n  EnableInstanceConnect:\n    Description: Enable SSH connection over AWS web console.\n    Type: String\n    Default: false\n    AllowedValues:\n      - true\n      - false\n  GatewaysMinSize:\n    Description: The minimal number of gateways in the Auto Scaling group.\n    Type: Number\n    Default: 2\n    MinValue: 1\n  GatewaysMaxSize:\n    Description: The maximal number of gateways in the Auto Scaling group.\n    Type: Number\n    Default: 10\n    MinValue: 1\n  AdminEmail:\n    Description: Notifications about scaling events will be sent to this email address. (optional)\n    Type: String\n    Default: ''\n    AllowedPattern: '^(([a-zA-Z0-9_\\-\\.]+)@((\\[[0-9]{1,3}\\.[0-9]{1,3}\\.[0-9]{1,3}\\.)|(([a-zA-Z0-9\\-]+\\.)+))([a-zA-Z]{2,4}|[0-9]{1,3})(\\]?))?$'\n    ConstraintDescription: Must be a valid email address.\n  GatewaysTargetGroups:\n    Description: A list of Target Groups to associate with the Auto Scaling.\n      group (comma separated list of ARNs, without spaces) (optional)\n    Type: String\n    Default: ''\n  GatewayVersion:\n    Type: String\n    Default: R81.20-BYOL\n    AllowedValues:\n      - R80.40-BYOL\n      - R80.40-PAYG-NGTP\n      - R80.40-PAYG-NGTX\n      - R81-BYOL\n      - R81-PAYG-NGTP\n      - R81-PAYG-NGTX\n      - R81.10-BYOL\n      - R81.10-PAYG-NGTP\n      - R81.10-PAYG-NGTX\n      - R81.20-BYOL\n      - R81.20-PAYG-NGTP\n      - R81.20-PAYG-NGTX\n  Shell:\n    Description: Change the admin shell to enable advanced command line configuration.\n    Type: String\n    Default: /etc/cli.sh\n    AllowedValues:\n      - /etc/cli.sh\n      - /bin/bash\n      - /bin/csh\n      - /bin/tcsh\n  GatewayPasswordHash:\n    Description: Admin user's password hash (use command \"openssl passwd -6 PASSWORD\".\n      to get the PASSWORD's hash) (optional)\n    Type: String\n    Default: ''\n    AllowedPattern: '^[\\$\\./a-zA-Z0-9]*$'\n    NoEcho: true\n  GatewayMaintenancePasswordHash:\n    Description: Check Point recommends setting Admin user's password and maintenance-mode password for recovery purposes. For R81.10 and below the Admin user's password is used also as maintenance-mode password. (To generate a password hash use the command \"grub2-mkpasswd-pbkdf2\" on Linux and paste it here). (optional)\n    Type: String\n    Default: ''\n    AllowedPattern: '[\\$\\./a-zA-Z0-9]*'\n    NoEcho: true\n  GatewaySICKey:\n    Description: The Secure Internal Communication key creates trusted connections.\n      between Check Point components. Choose a random string consisting of at least\n      8 alphanumeric characters.\n    Type: String\n    AllowedPattern: '^[a-zA-Z0-9]{8,}$'\n    ConstraintDescription: At least 8 alpha numeric characters.\n    NoEcho: true\n  AllowUploadDownload:\n    Description: Automatically download updates and share statistical data for product improvement purpose.\n      Improve product experience by sending data to Check Point\n    Type: String\n    Default: true\n    AllowedValues:\n      - true\n      - false\n  CloudWatch:\n    Description: Report Check Point specific CloudWatch metrics.\n    Type: String\n    Default: false\n    AllowedValues:\n      - true\n      - false\n  GatewayBootstrapScript:\n    Description: An optional script with semicolon (;) separated commands to run on the initial boot. (optional)\n    Type: String\n    Default: ''\n    NoEcho: true\n  ControlGatewayOverPrivateOrPublicAddress:\n    Description: Determines if the gateways are provisioned using their private or public address.\n    Type: String\n    Default: private\n    AllowedValues:\n      - private\n      - public\n  ManagementServer:\n    Description: The name that represents the Security Management Server in the automatic provisioning configuration.\n    Type: String\n    Default: management-server\n    MinLength: 1\n  ConfigurationTemplate:\n    Description: A name of a gateway configuration template in the automatic provisioning configuration.\n    Type: String\n    Default: ASG-configuration\n    MinLength: 1\n    MaxLength: 30\n  ELBType:\n    Type: String\n    Default: none\n    AllowedValues:\n      - none\n      - internal\n      - internet-facing\n  ELBPort:\n    Type: Number\n    Default: 8080\n  ELBClients:\n    Type: String\n    Default: 0.0.0.0/0\n    AllowedPattern: '^(\\d{1,3})\\.(\\d{1,3})\\.(\\d{1,3})\\.(\\d{1,3})/(\\d{1,2})$'\nConditions:\n  ProvidedAdminEmail: !Not [!Equals [!Ref AdminEmail, '']]\n  ProvidedTargetGroups: !Not [!Equals [!Ref GatewaysTargetGroups, '']]\n  EnableCloudWatch: !Equals [!Ref CloudWatch, true]\n  CreateELB: !Not [!Equals [!Ref ELBType, none]]\nResources:\n  ChkpGatewayRole:\n    Type: AWS::IAM::Role\n    Condition: EnableCloudWatch\n    Properties:\n      AssumeRolePolicyDocument:\n        Version: 2012-10-17\n        Statement:\n          - Effect: Allow\n            Principal:\n              Service:\n                - ec2.amazonaws.com\n            Action:\n              - sts:AssumeRole\n      Path: /\n  CloudwatchPolicy:\n    Condition: EnableCloudWatch\n    Type: AWS::CloudFormation::Stack\n    Properties:\n      TemplateURL: https://cgi-cfts.s3.amazonaws.com/iam/cloudwatch-policy.yaml\n      Parameters:\n        PolicyName: ChkpGatewayPolicy\n        PolicyRole: !Ref ChkpGatewayRole\n  InstanceProfile:\n    Type: AWS::IAM::InstanceProfile\n    Condition: EnableCloudWatch\n    Properties:\n      Path: /\n      Roles:\n        - !Ref ChkpGatewayRole\n  AMI:\n    Type: AWS::CloudFormation::Stack\n    Properties:\n      TemplateURL: https://cgi-cfts.s3.amazonaws.com/utils/amis.yaml\n      Parameters:\n        Version: !Join ['-', [!Ref GatewayVersion, GW]]\n  NotificationTopic:\n    Type: AWS::SNS::Topic\n    Condition: ProvidedAdminEmail\n    Properties:\n      Subscription:\n        - Endpoint: !Ref AdminEmail\n          Protocol: email\n  ElasticLoadBalancer:\n    Type: AWS::ElasticLoadBalancing::LoadBalancer\n    Condition: CreateELB\n    Properties:\n      CrossZone: true\n      Listeners:\n        - LoadBalancerPort: !Ref ELBPort\n          InstancePort: !Ref ELBPort\n          Protocol: TCP\n      HealthCheck:\n        Target: !Join [':', [TCP, !Ref ELBPort]]\n        HealthyThreshold: 3\n        UnhealthyThreshold: 5\n        Interval: 30\n        Timeout: 5\n      Scheme: !Ref ELBType\n      Subnets: !Ref GatewaysSubnets\n      Policies:\n        - PolicyName: EnableProxyProtocol\n          PolicyType: ProxyProtocolPolicyType\n          Attributes:\n            - Name: ProxyProtocol\n              Value: true\n          InstancePorts:\n            - !Ref ELBPort\n      SecurityGroups:\n        - !Ref ELBSecurityGroup\n  PermissiveSecurityGroup:\n    Type: AWS::EC2::SecurityGroup\n    Properties:\n      Tags:\n        - Key: Name\n          Value: !Join ['_', [!Ref 'AWS::StackName', PermissiveSecurityGroup]]\n      GroupDescription: Permissive security group.\n      VpcId: !Ref VPC\n      SecurityGroupIngress:\n        - IpProtocol: -1\n          CidrIp: 0.0.0.0/0\n  GatewayGroup:\n    Type: AWS::AutoScaling::AutoScalingGroup\n    DependsOn: GatewayLaunchTemplate\n    Properties:\n      VPCZoneIdentifier: !Ref GatewaysSubnets\n      LaunchTemplate:\n        LaunchTemplateId: !Ref GatewayLaunchTemplate\n        Version: !GetAtt GatewayLaunchTemplate.LatestVersionNumber\n      MinSize: !Ref GatewaysMinSize\n      MaxSize: !Ref GatewaysMaxSize\n      LoadBalancerNames: !If [CreateELB, [!Ref ElasticLoadBalancer], !Ref 'AWS::NoValue']\n      TargetGroupARNs: !If [ProvidedTargetGroups, !Split [',', !Ref GatewaysTargetGroups], !Ref 'AWS::NoValue']\n      NotificationConfiguration: !If\n        - ProvidedAdminEmail\n        - TopicARN: !Ref NotificationTopic\n          NotificationTypes:\n            - autoscaling:EC2_INSTANCE_LAUNCH\n            - autoscaling:EC2_INSTANCE_LAUNCH_ERROR\n            - autoscaling:EC2_INSTANCE_TERMINATE\n            - autoscaling:EC2_INSTANCE_TERMINATE_ERROR\n        - !Ref 'AWS::NoValue'\n      Tags:\n        - Key: Name\n          Value: !Ref GatewayName\n          PropagateAtLaunch: true\n        - Key: x-chkp-tags\n          Value: !Join\n            - ':'\n            - - !Join ['=', [management, !Ref ManagementServer]]\n              - !Join ['=', [template, !Ref ConfigurationTemplate]]\n              - !Join ['=', [ip-address, !Ref ControlGatewayOverPrivateOrPublicAddress]]\n          PropagateAtLaunch: true\n  GatewayLaunchTemplate:\n    Type: AWS::EC2::LaunchTemplate\n    Properties:\n      LaunchTemplateData:\n        NetworkInterfaces:\n          - DeviceIndex: 0\n            AssociatePublicIpAddress: true\n            Groups:\n              - !Ref PermissiveSecurityGroup\n        Monitoring:\n          Enabled: true\n        KeyName: !Ref KeyName\n        ImageId: !GetAtt AMI.Outputs.ImageId\n        InstanceType: !Ref GatewayInstanceType\n        BlockDeviceMappings:\n          - DeviceName: '/dev/xvda'\n            Ebs:\n              Encrypted: !Ref EnableVolumeEncryption\n              VolumeType: !Ref VolumeType\n              VolumeSize: !Ref VolumeSize\n        IamInstanceProfile:\n          Name: !If [EnableCloudWatch, !Ref InstanceProfile, !Ref 'AWS::NoValue']\n        UserData:\n          'Fn::Base64':\n            !Join\n            - |+\n\n            - - '#cloud-config'\n              - 'runcmd:'\n              - '  - |'\n              - '    set -e'\n              - !Sub '    admin_shell=${Shell} ; allow_info=${AllowUploadDownload} ; cw=${CloudWatch} ; eic=${EnableInstanceConnect}'\n              - !Join ['', ['    sic=\"$(echo ', 'Fn::Base64': !Ref GatewaySICKey, ')\"']]\n              - !Join ['', ['    pwd_hash=\"$(echo ', 'Fn::Base64': !Ref GatewayPasswordHash, ')\"']]\n              - !Join ['', ['    maintenance_pwd_hash=\"$(echo ', 'Fn::Base64': !Ref GatewayMaintenancePasswordHash, ')\"']]\n              - !Join ['', ['    bootstrap=\"$(echo ', 'Fn::Base64': !Ref GatewayBootstrapScript, ')\"']]\n              - !Sub ['    version=${Version}', {Version: !Select [0, !Split ['-', !Ref GatewayVersion]]}]\n              - '    python3 /etc/cloud_config.py enableCloudWatch=\\\"${cw}\\\" sicKey=\\\"${sic}\\\" installationType=\\\"autoscale\\\" osVersion=\\\"${version}\\\" allowUploadDownload=\\\"${allow_info}\\\" templateVersion=\\\"20240409\\\" templateName=\\\"autoscale\\\" shell=\\\"${admin_shell}\\\" enableInstanceConnect=\\\"${eic}\\\" passwordHash=\\\"${pwd_hash}\\\" MaintenanceModePassword=\\\"${maintenance_pwd_hash}\\\" bootstrapScript64=\\\"${bootstrap}\\\"'\n      VersionDescription: Initial template version\n  GatewayScaleUpPolicy:\n    Type: AWS::AutoScaling::ScalingPolicy\n    Properties:\n      AdjustmentType: ChangeInCapacity\n      AutoScalingGroupName: !Ref GatewayGroup\n      Cooldown: 300\n      ScalingAdjustment: 1\n  GatewayScaleDownPolicy:\n    Type: AWS::AutoScaling::ScalingPolicy\n    Properties:\n      AdjustmentType: ChangeInCapacity\n      AutoScalingGroupName: !Ref GatewayGroup\n      Cooldown: 300\n      ScalingAdjustment: -1\n  CPUAlarmHigh:\n    Type: AWS::CloudWatch::Alarm\n    Properties:\n      AlarmDescription: Scale-up if CPU \u003e 80% for 10 minutes.\n      MetricName: CPUUtilization\n      Namespace: AWS/EC2\n      Statistic: Average\n      Period: 300\n      EvaluationPeriods: 2\n      Threshold: 80\n      AlarmActions:\n        - !Ref GatewayScaleUpPolicy\n      Dimensions:\n        - Name: AutoScalingGroupName\n          Value: !Ref GatewayGroup\n      ComparisonOperator: GreaterThanThreshold\n  CPUAlarmLow:\n    Type: AWS::CloudWatch::Alarm\n    Properties:\n      AlarmDescription: Scale-down if CPU \u003c 60% for 10 minutes.\n      MetricName: CPUUtilization\n      Namespace: AWS/EC2\n      Statistic: Average\n      Period: 300\n      EvaluationPeriods: 2\n      Threshold: 60\n      AlarmActions:\n        - !Ref GatewayScaleDownPolicy\n      Dimensions:\n        - Name: AutoScalingGroupName\n          Value: !Ref GatewayGroup\n      ComparisonOperator: LessThanThreshold\n  ELBSecurityGroup:\n    Type: AWS::EC2::SecurityGroup\n    Condition: CreateELB\n    Properties:\n      GroupDescription: ELB security group.\n      VpcId: !Ref VPC\n      SecurityGroupIngress:\n        - IpProtocol: tcp\n          CidrIp: !Ref ELBClients\n          FromPort: !Ref ELBPort\n          ToPort: !Ref ELBPort\nOutputs:\n  URL:\n    Description: The URL of the Proxy.\n    Condition: CreateELB\n    Value: !Join ['', ['http://', !GetAtt ElasticLoadBalancer.DNSName]]\n  SecurityGroup:\n    Description: The Security Group of the Auto Scaling group.\n    Value: !GetAtt PermissiveSecurityGroup.GroupId\n\n",
            "template_url": "https://cgi-cfts.s3.amazonaws.com/autoscale/autoscale.yaml",
            "timeout_in_minutes": 50,
            "timeouts": null
          },
          "sensitive_attributes": [],
          "private": "eyJlMmJmYjczMC1lY2FhLTExZTYtOGY4OC0zNDM2M2JjN2M0YzAiOnsiY3JlYXRlIjoxODAwMDAwMDAwMDAwLCJkZWxldGUiOjE4MDAwMDAwMDAwMDAsInVwZGF0ZSI6MTgwMDAwMDAwMDAwMH19",
          "dependencies": [
            "aws_lb_target_group.chkp_ext_alb_tg",
            "aws_subnet.cg_nb_sub",
            "aws_vpc.cg_vpc",
            "data.aws_availability_zones.azs"
          ]
        }
      ]
    },
    {
      "mode": "managed",
      "type": "aws_cloudformation_stack",
      "name": "chkp_mgmt_cft_stack",
      "provider": "provider[\"registry.terraform.io/hashicorp/aws\"]",
      "instances": [
        {
          "schema_version": 0,
          "attributes": {
            "capabilities": [
              "CAPABILITY_NAMED_IAM"
            ],
            "disable_rollback": false,
            "iam_role_arn": "",
            "id": "arn:aws:cloudformation:ap-southeast-1:331283279341:stack/chkp-asg-thtan-mgmt-cft-stack/879cc420-f8ae-11ee-b788-0638644903e3",
            "name": "chkp-asg-thtan-mgmt-cft-stack",
            "notification_arns": null,
            "on_failure": null,
            "outputs": {
              "PublicAddress": "13.212.28.170",
              "SSH": "ssh -i KeyPair-TTH admin@13.212.28.170",
              "URL": "https://13.212.28.170"
            },
            "parameters": {
              "AdminCIDR": "0.0.0.0/0",
              "GatewaysAddresses": "0.0.0.0/0",
              "KeyName": "KeyPair-TTH",
              "ManagementBootstrapScript": "****",
              "ManagementHostname": "chkp-mgmt",
              "ManagementInstanceType": "m5.xlarge",
              "ManagementName": "chkp-asg-thtan-mgmt",
              "ManagementPasswordHash": "****",
              "ManagementPermissions": "Create with read-write permissions",
              "ManagementSubnet": "subnet-00fa8caa812b900f6",
              "ManagementVersion": "R81.20-BYOL",
              "Shell": "/bin/bash",
              "VPC": "vpc-072637554d2b85376"
            },
            "policy_body": null,
            "policy_url": null,
            "tags": null,
            "tags_all": {},
            "template_body": "AWSTemplateFormatVersion: 2010-09-09\nDescription: Deploys a Check Point Management Server (20240409)\nMetadata:\n  AWS::CloudFormation::Interface:\n    ParameterGroups:\n      - Label:\n          default: VPC Network Configuration\n        Parameters:\n          - VPC\n          - ManagementSubnet\n      - Label:\n          default: EC2 Instance Configuration\n        Parameters:\n          - ManagementName\n          - ManagementInstanceType\n          - KeyName\n          - AllocatePublicAddress\n          - VolumeSize\n          - VolumeType\n          - VolumeEncryption\n          - EnableInstanceConnect\n          - TerminationProtection\n      - Label:\n          default: IAM Permissions (ignored when the installation is not Primary Management\n            Server)\n        Parameters:\n          - ManagementPermissions\n          - ManagementPredefinedRole\n          - ManagementSTSRoles\n      - Label:\n          default: Check Point Settings\n        Parameters:\n          - ManagementVersion\n          - Shell\n          - ManagementPasswordHash\n          - ManagementMaintenancePasswordHash\n      - Label:\n          default: Security Management Server Settings\n        Parameters:\n          - ManagementHostname\n          - ManagementInstallationType\n          - SICKey\n          - AllowUploadDownload\n          - AdminCIDR\n          - GatewayManagement\n          - GatewaysAddresses\n          - ManagementBootstrapScript\n          - NTPPrimary\n          - NTPSecondary\n    ParameterLabels:\n      VPC:\n        default: VPC\n      ManagementSubnet:\n        default: Management subnet\n      ManagementName:\n        default: Management name\n      ManagementInstanceType:\n        default: Instance type\n      KeyName:\n        default: Key name\n      AllocatePublicAddress:\n        default: Allocate an Elastic IP\n      VolumeSize:\n        default: Root volume size (GB)\n      VolumeType:\n        default: Volume Type\n      VolumeEncryption:\n        default: Volume encryption KMS key identifier\n      EnableInstanceConnect:\n        default: Enable AWS Instance Connect\n      TerminationProtection:\n        default: Termination Protection\n      ManagementPermissions:\n        default: IAM role\n      ManagementPredefinedRole:\n        default: Existing IAM role name\n      ManagementSTSRoles:\n        default: STS roles\n      ManagementVersion:\n        default: Version \u0026 license\n      Shell:\n        default: Admin shell\n      ManagementPasswordHash:\n        default: Password hash\n      ManagementMaintenancePasswordHash:\n        default:  Management Maintenance Password hash\n      ManagementHostname:\n        default: Management hostname\n      ManagementInstallationType:\n        default: Management installation type\n      SICKey:\n        default: SIC key\n      AllowUploadDownload:\n        default: Allow upload \u0026 download\n      AdminCIDR:\n        default: Administrator addresses\n      GatewayManagement:\n        default: Gateways management\n      GatewaysAddresses:\n        default: Gateways addresses\n      ManagementBootstrapScript:\n        default: Management bootstrap script\n      NTPPrimary:\n        default: Primary NTP server\n      NTPSecondary:\n        default: Secondary NTP server\nParameters:\n  VPC:\n    Description: Select an existing VPC.\n    Type: AWS::EC2::VPC::Id\n    MinLength: 1\n  ManagementSubnet:\n    Description: To access the instance from the internet, make sure the subnet has\n      a route to the internet.\n    Type: AWS::EC2::Subnet::Id\n    MinLength: 1\n  ManagementName:\n    Description: The Management name tag.\n    Type: String\n    Default: Check-Point-Management\n  ManagementInstanceType:\n    Description: The instance type of the Security Management Server.\n    Type: String\n    Default: m5.xlarge\n    AllowedValues:\n      - c5.large\n      - c5.xlarge\n      - c5.2xlarge\n      - c5.4xlarge\n      - c5.9xlarge\n      - c5.12xlarge\n      - c5.18xlarge\n      - c5.24xlarge\n      - c5n.large\n      - c5n.xlarge\n      - c5n.2xlarge\n      - c5n.4xlarge\n      - c5n.9xlarge\n      - c5n.18xlarge\n      - c5d.large\n      - c5d.xlarge\n      - c5d.2xlarge\n      - c5d.4xlarge\n      - c5d.9xlarge\n      - c5d.12xlarge\n      - c5d.18xlarge\n      - c5d.24xlarge\n      - m5.large\n      - m5.xlarge\n      - m5.2xlarge\n      - m5.4xlarge\n      - m5.8xlarge\n      - m5.12xlarge\n      - m5.16xlarge\n      - m5.24xlarge\n      - m6i.large\n      - m6i.xlarge\n      - m6i.2xlarge\n      - m6i.4xlarge\n      - m6i.8xlarge\n      - m6i.12xlarge\n      - m6i.16xlarge\n      - m6i.24xlarge\n      - m6i.32xlarge\n      - c6i.large\n      - c6i.xlarge\n      - c6i.2xlarge\n      - c6i.4xlarge\n      - c6i.8xlarge\n      - c6i.12xlarge\n      - c6i.16xlarge\n      - c6i.24xlarge\n      - c6i.32xlarge\n      - c6in.large\n      - c6in.xlarge\n      - c6in.2xlarge\n      - c6in.4xlarge\n      - c6in.8xlarge\n      - c6in.12xlarge\n      - c6in.16xlarge\n      - c6in.24xlarge\n      - c6in.32xlarge\n      - r5.large\n      - r5.xlarge\n      - r5.2xlarge\n      - r5.4xlarge\n      - r5.8xlarge\n      - r5.12xlarge\n      - r5.16xlarge\n      - r5.24xlarge\n      - r5a.large\n      - r5a.xlarge\n      - r5a.2xlarge\n      - r5a.4xlarge\n      - r5a.8xlarge\n      - r5a.12xlarge\n      - r5a.16xlarge\n      - r5a.24xlarge\n      - r5b.large\n      - r5b.xlarge\n      - r5b.2xlarge\n      - r5b.4xlarge\n      - r5b.8xlarge\n      - r5b.12xlarge\n      - r5b.16xlarge\n      - r5b.24xlarge\n      - r5n.large\n      - r5n.xlarge\n      - r5n.2xlarge\n      - r5n.4xlarge\n      - r5n.8xlarge\n      - r5n.12xlarge\n      - r5n.16xlarge\n      - r5n.24xlarge\n      - r6i.large\n      - r6i.xlarge\n      - r6i.2xlarge\n      - r6i.4xlarge\n      - r6i.8xlarge\n      - r6i.12xlarge\n      - r6i.16xlarge\n      - r6i.24xlarge\n      - r6i.32xlarge\n      - m6a.large\n      - m6a.xlarge\n      - m6a.2xlarge\n      - m6a.4xlarge\n      - m6a.8xlarge\n      - m6a.12xlarge\n      - m6a.16xlarge\n      - m6a.24xlarge\n      - m6a.32xlarge\n      - m6a.48xlarge\n    ConstraintDescription: must be a valid EC2 instance type.\n  KeyName:\n    Description: The EC2 Key Pair to allow SSH access to the instance.\n    Type: AWS::EC2::KeyPair::KeyName\n    MinLength: 1\n    ConstraintDescription: must be the name of an existing EC2 KeyPair.\n  AllocatePublicAddress:\n    Description: Allocate an elastic IP for the Management.\n    Type: String\n    Default: true\n    AllowedValues:\n      - true\n      - false\n  VolumeSize:\n    Type: Number\n    MinValue: 100\n    Default: 100\n  VolumeType:\n    Description: General Purpose SSD Volume Type\n    Type: String\n    Default: gp3\n    AllowedValues:\n      - gp3\n      - gp2\n  VolumeEncryption:\n    Description: KMS or CMK key Identifier - Use key ID, alias or ARN. Key alias should be prefixed with 'alias/' (e.g. for KMS default alias 'aws/ebs' - insert 'alias/aws/ebs').\n    Type: String\n    Default: alias/aws/ebs\n  EnableInstanceConnect:\n    Description: Enable SSH connection over AWS web console.\n    Type: String\n    Default: false\n    AllowedValues:\n      - true\n      - false\n  TerminationProtection:\n    Description: Prevents an instance from accidental termination.\n    Type: String\n    Default: false\n    AllowedValues:\n      - true\n      - false\n  ManagementPermissions:\n    Description: IAM role to attach to the instance profile.\n    Type: String\n    Default: Create with read permissions\n    AllowedValues:\n      - None (configure later)\n      - Use existing (specify an existing IAM role name)\n      - Create with assume role permissions (specify an STS role ARN)\n      - Create with read permissions\n      - Create with read-write permissions\n  ManagementPredefinedRole:\n    Description: A predefined IAM role to attach to the instance profile. Ignored.\n      if IAM role is not set to 'Use existing'\n    Type: String\n    Default: ''\n  ManagementSTSRoles:\n    Description: The IAM role will be able to assume these STS Roles (comma separated\n      list of ARNs, without spaces). Ignored if IAM role is set to 'None' or 'Use\n      existing'.\n    Type: CommaDelimitedList\n    Default: ''\n  ManagementVersion:\n    Description: The license to install on the Security Management Server.\n    Type: String\n    Default: R81.20-BYOL\n    AllowedValues:\n      - R80.40-BYOL\n      - R80.40-PAYG\n      - R81-BYOL\n      - R81-PAYG\n      - R81.10-BYOL\n      - R81.10-PAYG\n      - R81.20-BYOL\n      - R81.20-PAYG\n  Shell:\n    Description: Change the admin shell to enable advanced command line configuration.\n    Type: String\n    Default: /etc/cli.sh\n    AllowedValues:\n      - /etc/cli.sh\n      - /bin/bash\n      - /bin/csh\n      - /bin/tcsh\n  ManagementPasswordHash:\n    Description: Admin user's password hash (use command \"openssl passwd -6 PASSWORD\"\n      to get the PASSWORD's hash). (optional)\n    Type: String\n    Default: ''\n    AllowedPattern: '[\\$\\./a-zA-Z0-9]*'\n    NoEcho: true\n  ManagementMaintenancePasswordHash:\n    Description: Check Point recommends setting Admin user's password and maintenance-mode password for recovery purposes. For R81.10 and below the Admin user's password is used also as maintenance-mode password. (To generate a password hash use the command \"grub2-mkpasswd-pbkdf2\" on Linux and paste it here). (optional)\n    Type: String\n    Default: ''\n    AllowedPattern: '[\\$\\./a-zA-Z0-9]*'\n    NoEcho: true\n  ManagementHostname:\n    Description: The name must not contain reserved words. For details, refer to sk40179. (optional)\n    Type: String\n    Default: mgmt-aws\n    AllowedPattern: '^([A-Za-z]([-0-9A-Za-z]{0,61}[0-9A-Za-z])?|)$'\n    ConstraintDescription: A valid hostname label or an empty string.\n  ManagementInstallationType:\n    Description: Determines the Management Server installation type.\n    Type: String\n    Default: Primary management\n    AllowedValues:\n      - Primary management\n      - Secondary management\n      - Log Server\n  SICKey:\n    Description: \u003e-\n      Mandatory only if deploying a secondary Management Server or Log Server, the Secure Internal\n      Communication key creates trusted connections between Check Point components.\n      Choose a random string consisting of at least 8 alphanumeric characters.\n    Type: String\n    Default: ''\n    AllowedPattern: '(|[a-zA-Z0-9]{8,})'\n    ConstraintDescription: Can be empty if this is a primary Management Server. Otherwise,\n      at least 8 alpha numeric characters.\n    NoEcho: true\n  AllowUploadDownload:\n    Description: Automatically download updates and share statistical data for product improvement purpose.\n    Type: String\n    Default: true\n    AllowedValues:\n      - true\n      - false\n  AdminCIDR:\n    Description: Allow web, SSH, and graphical clients only from this network to communicate\n      with the Management Server.\n    Type: String\n    AllowedPattern: '^(([0-9]|[1-9][0-9]|1[0-9]{2}|2[0-4][0-9]|25[0-5])\\.){3}([0-9]|[1-9][0-9]|1[0-9]{2}|2[0-4][0-9]|25[0-5])(\\/([0-9]|[1-2][0-9]|3[0-2]))$'\n  GatewaysAddresses:\n    Description: Allow gateways only from this network to communicate with the Management\n      Server.\n    Type: String\n    AllowedPattern: '^(([0-9]|[1-9][0-9]|1[0-9]{2}|2[0-4][0-9]|25[0-5])\\.){3}([0-9]|[1-9][0-9]|1[0-9]{2}|2[0-4][0-9]|25[0-5])(\\/([0-9]|[1-2][0-9]|3[0-2]))$'\n  GatewayManagement:\n    Description: Select 'Over the internet' if any of the gateways you wish to manage\n      are not directly accessed via their private IP address.\n    Type: String\n    Default: Locally managed\n    AllowedValues:\n      - Locally managed\n      - Over the internet\n  ManagementBootstrapScript:\n    Description: An optional script with semicolon (;) separated commands to run on the initial boot. (optional)\n    Type: String\n    Default: ''\n    NoEcho: true\n  NTPPrimary:\n    Description: (optional)\n    Type: String\n    Default: 169.254.169.123\n    AllowedPattern: '[\\.a-zA-Z0-9\\-]*'\n  NTPSecondary:\n    Description: (optional)\n    Type: String\n    Default: 0.pool.ntp.org\n    AllowedPattern: '[\\.a-zA-Z0-9\\-]*'\nConditions:\n  EIP: !Equals [!Ref AllocatePublicAddress, true]\n  ManageOverInternet: !Equals [!Ref GatewayManagement, Over the internet]\n  ManageOverInternetAndEIP: !And [!Condition EIP, !Condition ManageOverInternet]\n  CreateRole: !Or\n    - !Equals [!Ref ManagementPermissions, Create with assume role permissions (specify an STS role ARN)]\n    - !Equals [!Ref ManagementPermissions, Create with read permissions]\n    - !Equals [!Ref ManagementPermissions, Create with read-write permissions]\n  EncryptedVolume: !Not [!Equals [!Ref VolumeEncryption, '']]\n  UseRole: !Not [!Equals [!Ref ManagementPermissions, None (configure later)]]\n  NoSIC: !Equals [!Ref SICKey, '']\n  PreRole: !And [!Condition UseRole, !Not [!Condition CreateRole]]\nResources:\n  AMI:\n    Type: AWS::CloudFormation::Stack\n    Properties:\n      TemplateURL: https://cgi-cfts.s3.amazonaws.com/utils/amis.yaml\n      Parameters:\n        Version: !Join ['-', [!Ref ManagementVersion, MGMT]]\n  ManagementReadyHandle:\n    Type: AWS::CloudFormation::WaitConditionHandle\n    Condition: EIP\n    Properties: {}\n  ManagementReadyCondition:\n    Type: AWS::CloudFormation::WaitCondition\n    Condition: EIP\n    DependsOn: ManagementInstance\n    Properties:\n      Handle: !Ref ManagementReadyHandle\n      Timeout: 1800\n  ManagementSecurityGroup:\n    Type: AWS::EC2::SecurityGroup\n    Properties:\n      GroupDescription: Management security group\n      VpcId: !Ref VPC\n      SecurityGroupIngress:\n        - CidrIp: !Ref GatewaysAddresses\n          IpProtocol: tcp\n          FromPort: 257\n          ToPort: 257\n        - CidrIp: !Ref GatewaysAddresses\n          IpProtocol: tcp\n          FromPort: 8211\n          ToPort: 8211\n        - CidrIp: !Ref GatewaysAddresses\n          IpProtocol: tcp\n          FromPort: 18191\n          ToPort: 18191\n        - CidrIp: !Ref GatewaysAddresses\n          IpProtocol: tcp\n          FromPort: 18192\n          ToPort: 18192\n        - CidrIp: !Ref GatewaysAddresses\n          IpProtocol: tcp\n          FromPort: 18210\n          ToPort: 18210\n        - CidrIp: !Ref GatewaysAddresses\n          IpProtocol: tcp\n          FromPort: 18211\n          ToPort: 18211\n        - CidrIp: !Ref GatewaysAddresses\n          IpProtocol: tcp\n          FromPort: 18221\n          ToPort: 18221\n        - CidrIp: !Ref GatewaysAddresses\n          IpProtocol: tcp\n          FromPort: 18264\n          ToPort: 18264\n        - CidrIp: !Ref AdminCIDR\n          IpProtocol: tcp\n          FromPort: 22\n          ToPort: 22\n        - CidrIp: !Ref AdminCIDR\n          IpProtocol: tcp\n          FromPort: 443\n          ToPort: 443\n        - CidrIp: !Ref AdminCIDR\n          IpProtocol: tcp\n          FromPort: 18190\n          ToPort: 18190\n        - CidrIp: !Ref AdminCIDR\n          IpProtocol: tcp\n          FromPort: 19009\n          ToPort: 19009\n  ManagementRoleStack:\n    Type: AWS::CloudFormation::Stack\n    Condition: CreateRole\n    Properties:\n      TemplateURL: https://cgi-cfts.s3.amazonaws.com/iam/cme-iam-role.yaml\n      Parameters:\n        Permissions: !Ref ManagementPermissions\n        STSRoles: !Join [',', !Ref ManagementSTSRoles]\n  InstanceProfile:\n    Type: AWS::IAM::InstanceProfile\n    Condition: PreRole\n    Properties:\n      Path: /\n      Roles:\n        - !Ref ManagementPredefinedRole\n  ManagementInstance:\n    Type: AWS::EC2::Instance\n    DependsOn: ManagementSecurityGroup\n    Properties:\n      Tags:\n        - Key: Name\n          Value: !Ref ManagementName\n      ImageId: !GetAtt AMI.Outputs.ImageId\n      InstanceType: !Ref ManagementInstanceType\n      IamInstanceProfile: !If [UseRole, !If [PreRole, !Ref InstanceProfile, !GetAtt ManagementRoleStack.Outputs.CMEIAMRole], !Ref 'AWS::NoValue']\n      KeyName: !Ref KeyName\n      NetworkInterfaces:\n        - DeviceIndex: 0\n          AssociatePublicIpAddress: false\n          Description: eth0\n          GroupSet:\n            - !Ref ManagementSecurityGroup\n          DeleteOnTermination: true\n          SubnetId: !Ref ManagementSubnet\n      BlockDeviceMappings:\n        - DeviceName: /dev/xvda\n          Ebs:\n            Encrypted: !If [EncryptedVolume, true, false]\n            KmsKeyId: !If [EncryptedVolume, !Ref VolumeEncryption, !Ref 'AWS::NoValue']\n            VolumeType: !Ref VolumeType\n            VolumeSize: !Ref VolumeSize\n      DisableApiTermination: !Ref TerminationProtection\n      UserData:\n        'Fn::Base64':\n          !Join\n          - |+\n\n          - - '#cloud-config'\n            - 'runcmd:'\n            - '  - |'\n            - '    set -e'\n            - !Sub '    admin_shell=${Shell} ; allow_info=${AllowUploadDownload} ; hostname=${ManagementHostname} ; eic=${EnableInstanceConnect} ; admin_subnet=${AdminCIDR} ; eip=${AllocatePublicAddress} ; ntp1=${NTPPrimary} ; ntp2=${NTPSecondary} ; mgmt_install_type=''${ManagementInstallationType}'''\n            - !If [EIP, !Sub '    wait_handle=''${ManagementReadyHandle}''',!Ref 'AWS::NoValue']\n            - !If [NoSIC, '    sic=\"\"', !Join ['', ['    sic=\"$(echo ', 'Fn::Base64': !Ref SICKey, ')\"']]]\n            - !If [ManageOverInternetAndEIP, '    pub_mgmt=true', '    pub_mgmt=false']\n            - !Join ['', ['    bootstrap=\"$(echo ', 'Fn::Base64': !Ref ManagementBootstrapScript, ')\"']]\n            - !Join ['', ['    pwd_hash=\"$(echo ', 'Fn::Base64': !Ref ManagementPasswordHash, ')\"']]\n            - !Join ['', ['    maintenance_pwd_hash=\"$(echo ', 'Fn::Base64': !Ref ManagementMaintenancePasswordHash, ')\"']]\n            - !Sub ['    version=${Version}', {Version: !Select [0, !Split ['-', !Ref ManagementVersion]]}]\n            - '    python3 /etc/cloud_config.py waitHandle=\\\"${wait_handle}\\\" sicKey=\\\"${sic}\\\" installationType=\\\"management\\\" osVersion=\\\"${version}\\\" allowUploadDownload=\\\"${allow_info}\\\" templateVersion=\\\"20240409\\\" templateName=\\\"management\\\" shell=\\\"${admin_shell}\\\" enableInstanceConnect=\\\"${eic}\\\" hostName=\\\"${hostname}\\\" ntpPrimary=\\\"${ntp1}\\\" ntpSecondary=\\\"${ntp2}\\\" passwordHash=\\\"${pwd_hash}\\\" MaintenanceModePassword=\\\"${maintenance_pwd_hash}\\\" \"management_installation_type=\\\"${mgmt_install_type}\\\"\" adminSubnet=\\\"${admin_subnet}\\\" allocatePublicAddress=\\\"${eip}\\\" overTheInternet=\\\"${pub_mgmt}\\\" bootstrapScript64=\\\"${bootstrap}\\\"'\n  PublicAddress:\n    Type: AWS::EC2::EIP\n    Condition: EIP\n    Properties:\n      Domain: vpc\n  AddressAssoc:\n    Type: AWS::EC2::EIPAssociation\n    Condition: EIP\n    DependsOn: ManagementInstance\n    Properties:\n      InstanceId: !Ref ManagementInstance\n      AllocationId: !GetAtt PublicAddress.AllocationId\nOutputs:\n  PublicAddress:\n    Condition: EIP\n    Description: The public address of the Management Server.\n    Value: !Ref PublicAddress\n  SSH:\n    Condition: EIP\n    Description: SSH command.\n    Value: !Join ['', ['ssh -i ', !Ref KeyName, ' admin@', !Ref PublicAddress]]\n  URL:\n    Condition: EIP\n    Description: URL to the portal.\n    Value: !Join ['', ['https://', !Ref PublicAddress]]\n",
            "template_url": "https://cgi-cfts.s3.amazonaws.com/management/management.yaml",
            "timeout_in_minutes": 50,
            "timeouts": null
          },
          "sensitive_attributes": [],
          "private": "eyJlMmJmYjczMC1lY2FhLTExZTYtOGY4OC0zNDM2M2JjN2M0YzAiOnsiY3JlYXRlIjoxODAwMDAwMDAwMDAwLCJkZWxldGUiOjE4MDAwMDAwMDAwMDAsInVwZGF0ZSI6MTgwMDAwMDAwMDAwMH19",
          "dependencies": [
            "aws_subnet.cg_mgmt_a_sub",
            "aws_vpc.cg_vpc"
          ]
        }
      ]
    },
    {
      "mode": "managed",
      "type": "aws_instance",
      "name": "aws_webserver_instance",
      "provider": "provider[\"registry.terraform.io/hashicorp/aws\"]",
      "instances": [
        {
          "index_key": 0,
          "schema_version": 1,
          "attributes": {
            "ami": "ami-096ad2f8dcc4df93d",
            "arn": "arn:aws:ec2:ap-southeast-1:331283279341:instance/i-068742702a6c840e4",
            "associate_public_ip_address": false,
            "availability_zone": "ap-southeast-1a",
            "capacity_reservation_specification": [
              {
                "capacity_reservation_preference": "open",
                "capacity_reservation_target": []
              }
            ],
            "cpu_core_count": 1,
            "cpu_threads_per_core": 1,
            "credit_specification": [
              {
                "cpu_credits": "standard"
              }
            ],
            "disable_api_termination": false,
            "ebs_block_device": [],
            "ebs_optimized": false,
            "enclave_options": [
              {
                "enabled": false
              }
            ],
            "ephemeral_block_device": [],
            "get_password_data": false,
            "hibernation": false,
            "host_id": null,
            "iam_instance_profile": "",
            "id": "i-068742702a6c840e4",
            "instance_initiated_shutdown_behavior": "stop",
            "instance_state": "running",
            "instance_type": "t2.nano",
            "ipv6_address_count": 0,
            "ipv6_addresses": [],
            "key_name": "KeyPair-TTH",
            "launch_template": [],
            "metadata_options": [
              {
                "http_endpoint": "enabled",
                "http_put_response_hop_limit": 1,
                "http_tokens": "optional"
              }
            ],
            "monitoring": false,
            "network_interface": [],
            "outpost_arn": "",
            "password_data": "",
            "placement_group": "",
            "placement_partition_number": null,
            "primary_network_interface_id": "eni-060675dbc40f76d1a",
            "private_dns": "ip-10-168-20-181.ap-southeast-1.compute.internal",
            "private_ip": "10.168.20.181",
            "public_dns": "",
            "public_ip": "",
            "root_block_device": [
              {
                "delete_on_termination": true,
                "device_name": "/dev/sda1",
                "encrypted": false,
                "iops": 100,
                "kms_key_id": "",
                "tags": {},
                "throughput": 0,
                "volume_id": "vol-024d446fcc2862974",
                "volume_size": 8,
                "volume_type": "gp2"
              }
            ],
            "secondary_private_ips": [],
            "security_groups": [],
            "source_dest_check": true,
            "subnet_id": "subnet-0b10b1641aeaf42f1",
            "tags": {
              "Name": "chkp-asg-thtan-webserver-1"
            },
            "tags_all": {
              "Name": "chkp-asg-thtan-webserver-1"
            },
            "tenancy": "default",
            "timeouts": null,
            "user_data": "0a18199d04b410b1ce9582a0d5f4a631c9e101d9",
            "user_data_base64": null,
            "volume_tags": null,
            "vpc_security_group_ids": [
              "sg-0e363ed96786b6ee9"
            ]
          },
          "sensitive_attributes": [],
          "private": "eyJlMmJmYjczMC1lY2FhLTExZTYtOGY4OC0zNDM2M2JjN2M0YzAiOnsiY3JlYXRlIjo2MDAwMDAwMDAwMDAsImRlbGV0ZSI6MTIwMDAwMDAwMDAwMCwidXBkYXRlIjo2MDAwMDAwMDAwMDB9LCJzY2hlbWFfdmVyc2lvbiI6IjEifQ==",
          "dependencies": [
            "aws_security_group.chkp_webserver_sg",
            "aws_subnet.cg_web_sub",
            "aws_vpc.cg_vpc",
            "data.aws_ami.aws_webserver",
            "data.aws_availability_zones.azs"
          ]
        },
        {
          "index_key": 1,
          "schema_version": 1,
          "attributes": {
            "ami": "ami-096ad2f8dcc4df93d",
            "arn": "arn:aws:ec2:ap-southeast-1:331283279341:instance/i-0418dc66ddc458513",
            "associate_public_ip_address": false,
            "availability_zone": "ap-southeast-1b",
            "capacity_reservation_specification": [
              {
                "capacity_reservation_preference": "open",
                "capacity_reservation_target": []
              }
            ],
            "cpu_core_count": 1,
            "cpu_threads_per_core": 1,
            "credit_specification": [
              {
                "cpu_credits": "standard"
              }
            ],
            "disable_api_termination": false,
            "ebs_block_device": [],
            "ebs_optimized": false,
            "enclave_options": [
              {
                "enabled": false
              }
            ],
            "ephemeral_block_device": [],
            "get_password_data": false,
            "hibernation": false,
            "host_id": null,
            "iam_instance_profile": "",
            "id": "i-0418dc66ddc458513",
            "instance_initiated_shutdown_behavior": "stop",
            "instance_state": "running",
            "instance_type": "t2.nano",
            "ipv6_address_count": 0,
            "ipv6_addresses": [],
            "key_name": "KeyPair-TTH",
            "launch_template": [],
            "metadata_options": [
              {
                "http_endpoint": "enabled",
                "http_put_response_hop_limit": 1,
                "http_tokens": "optional"
              }
            ],
            "monitoring": false,
            "network_interface": [],
            "outpost_arn": "",
            "password_data": "",
            "placement_group": "",
            "placement_partition_number": null,
            "primary_network_interface_id": "eni-06ceae78d7d3cae9a",
            "private_dns": "ip-10-168-21-86.ap-southeast-1.compute.internal",
            "private_ip": "10.168.21.86",
            "public_dns": "",
            "public_ip": "",
            "root_block_device": [
              {
                "delete_on_termination": true,
                "device_name": "/dev/sda1",
                "encrypted": false,
                "iops": 100,
                "kms_key_id": "",
                "tags": {},
                "throughput": 0,
                "volume_id": "vol-0f0cbc353580efebd",
                "volume_size": 8,
                "volume_type": "gp2"
              }
            ],
            "secondary_private_ips": [],
            "security_groups": [],
            "source_dest_check": true,
            "subnet_id": "subnet-063732229bea80a71",
            "tags": {
              "Name": "chkp-asg-thtan-webserver-2"
            },
            "tags_all": {
              "Name": "chkp-asg-thtan-webserver-2"
            },
            "tenancy": "default",
            "timeouts": null,
            "user_data": "ddf61d0e6a1e07259bf045015d513e9388cb70f0",
            "user_data_base64": null,
            "volume_tags": null,
            "vpc_security_group_ids": [
              "sg-0e363ed96786b6ee9"
            ]
          },
          "sensitive_attributes": [],
          "private": "eyJlMmJmYjczMC1lY2FhLTExZTYtOGY4OC0zNDM2M2JjN2M0YzAiOnsiY3JlYXRlIjo2MDAwMDAwMDAwMDAsImRlbGV0ZSI6MTIwMDAwMDAwMDAwMCwidXBkYXRlIjo2MDAwMDAwMDAwMDB9LCJzY2hlbWFfdmVyc2lvbiI6IjEifQ==",
          "dependencies": [
            "aws_security_group.chkp_webserver_sg",
            "aws_subnet.cg_web_sub",
            "aws_vpc.cg_vpc",
            "data.aws_ami.aws_webserver",
            "data.aws_availability_zones.azs"
          ]
        },
        {
          "index_key": 2,
          "schema_version": 1,
          "attributes": {
            "ami": "ami-096ad2f8dcc4df93d",
            "arn": "arn:aws:ec2:ap-southeast-1:331283279341:instance/i-0ed8d519ce64b1f83",
            "associate_public_ip_address": false,
            "availability_zone": "ap-southeast-1c",
            "capacity_reservation_specification": [
              {
                "capacity_reservation_preference": "open",
                "capacity_reservation_target": []
              }
            ],
            "cpu_core_count": 1,
            "cpu_threads_per_core": 1,
            "credit_specification": [
              {
                "cpu_credits": "standard"
              }
            ],
            "disable_api_termination": false,
            "ebs_block_device": [],
            "ebs_optimized": false,
            "enclave_options": [
              {
                "enabled": false
              }
            ],
            "ephemeral_block_device": [],
            "get_password_data": false,
            "hibernation": false,
            "host_id": null,
            "iam_instance_profile": "",
            "id": "i-0ed8d519ce64b1f83",
            "instance_initiated_shutdown_behavior": "stop",
            "instance_state": "running",
            "instance_type": "t2.nano",
            "ipv6_address_count": 0,
            "ipv6_addresses": [],
            "key_name": "KeyPair-TTH",
            "launch_template": [],
            "metadata_options": [
              {
                "http_endpoint": "enabled",
                "http_put_response_hop_limit": 1,
                "http_tokens": "optional"
              }
            ],
            "monitoring": false,
            "network_interface": [],
            "outpost_arn": "",
            "password_data": "",
            "placement_group": "",
            "placement_partition_number": null,
            "primary_network_interface_id": "eni-0e68a4f461acb10b4",
            "private_dns": "ip-10-168-22-94.ap-southeast-1.compute.internal",
            "private_ip": "10.168.22.94",
            "public_dns": "",
            "public_ip": "",
            "root_block_device": [
              {
                "delete_on_termination": true,
                "device_name": "/dev/sda1",
                "encrypted": false,
                "iops": 100,
                "kms_key_id": "",
                "tags": {},
                "throughput": 0,
                "volume_id": "vol-0655003f70b8eb727",
                "volume_size": 8,
                "volume_type": "gp2"
              }
            ],
            "secondary_private_ips": [],
            "security_groups": [],
            "source_dest_check": true,
            "subnet_id": "subnet-00779bdcae7835765",
            "tags": {
              "Name": "chkp-asg-thtan-webserver-3"
            },
            "tags_all": {
              "Name": "chkp-asg-thtan-webserver-3"
            },
            "tenancy": "default",
            "timeouts": null,
            "user_data": "cd57e5e8e69802b33f480f9da67f9bd4d8bd3959",
            "user_data_base64": null,
            "volume_tags": null,
            "vpc_security_group_ids": [
              "sg-0e363ed96786b6ee9"
            ]
          },
          "sensitive_attributes": [],
          "private": "eyJlMmJmYjczMC1lY2FhLTExZTYtOGY4OC0zNDM2M2JjN2M0YzAiOnsiY3JlYXRlIjo2MDAwMDAwMDAwMDAsImRlbGV0ZSI6MTIwMDAwMDAwMDAwMCwidXBkYXRlIjo2MDAwMDAwMDAwMDB9LCJzY2hlbWFfdmVyc2lvbiI6IjEifQ==",
          "dependencies": [
            "aws_security_group.chkp_webserver_sg",
            "aws_subnet.cg_web_sub",
            "aws_vpc.cg_vpc",
            "data.aws_ami.aws_webserver",
            "data.aws_availability_zones.azs"
          ]
        }
      ]
    },
    {
      "mode": "managed",
      "type": "aws_internet_gateway",
      "name": "cg_igw",
      "provider": "provider[\"registry.terraform.io/hashicorp/aws\"]",
      "instances": [
        {
          "schema_version": 0,
          "attributes": {
            "arn": "arn:aws:ec2:ap-southeast-1:331283279341:internet-gateway/igw-00a2016a45114d89e",
            "id": "igw-00a2016a45114d89e",
            "owner_id": "331283279341",
            "tags": {
              "Name": "chkp-asg-thtan_igw"
            },
            "tags_all": {
              "Name": "chkp-asg-thtan_igw"
            },
            "vpc_id": "vpc-072637554d2b85376"
          },
          "sensitive_attributes": [],
          "private": "bnVsbA==",
          "dependencies": [
            "aws_vpc.cg_vpc"
          ]
        }
      ]
    },
    {
      "mode": "managed",
      "type": "aws_lb",
      "name": "chkp_ext_alb",
      "provider": "provider[\"registry.terraform.io/hashicorp/aws\"]",
      "instances": [
        {
          "schema_version": 0,
          "attributes": {
            "access_logs": [
              {
                "bucket": "",
                "enabled": false,
                "prefix": ""
              }
            ],
            "arn": "arn:aws:elasticloadbalancing:ap-southeast-1:331283279341:loadbalancer/app/chkp-ext-alb/4beab940b56e90fe",
            "arn_suffix": "app/chkp-ext-alb/4beab940b56e90fe",
            "customer_owned_ipv4_pool": "",
            "dns_name": "chkp-ext-alb-1469550488.ap-southeast-1.elb.amazonaws.com",
            "drop_invalid_header_fields": false,
            "enable_cross_zone_load_balancing": true,
            "enable_deletion_protection": false,
            "enable_http2": true,
            "id": "arn:aws:elasticloadbalancing:ap-southeast-1:331283279341:loadbalancer/app/chkp-ext-alb/4beab940b56e90fe",
            "idle_timeout": 60,
            "internal": false,
            "ip_address_type": "ipv4",
            "load_balancer_type": "application",
            "name": "chkp-ext-alb",
            "name_prefix": null,
            "security_groups": [
              "sg-06181c43d23f2e1c8"
            ],
            "subnet_mapping": [
              {
                "allocation_id": "",
                "ipv6_address": "",
                "outpost_id": "",
                "private_ipv4_address": "",
                "subnet_id": "subnet-022889e134e82157d"
              },
              {
                "allocation_id": "",
                "ipv6_address": "",
                "outpost_id": "",
                "private_ipv4_address": "",
                "subnet_id": "subnet-03632329693af1d63"
              },
              {
                "allocation_id": "",
                "ipv6_address": "",
                "outpost_id": "",
                "private_ipv4_address": "",
                "subnet_id": "subnet-0ecdc20d8db46b41d"
              }
            ],
            "subnets": [
              "subnet-022889e134e82157d",
              "subnet-03632329693af1d63",
              "subnet-0ecdc20d8db46b41d"
            ],
            "tags": {
              "name": "chkp-asg-thtan_ext_alb"
            },
            "tags_all": {
              "name": "chkp-asg-thtan_ext_alb"
            },
            "timeouts": null,
            "vpc_id": "vpc-072637554d2b85376",
            "zone_id": "Z1LMS91P8CMLE5"
          },
          "sensitive_attributes": [],
          "private": "eyJlMmJmYjczMC1lY2FhLTExZTYtOGY4OC0zNDM2M2JjN2M0YzAiOnsiY3JlYXRlIjo2MDAwMDAwMDAwMDAsImRlbGV0ZSI6NjAwMDAwMDAwMDAwLCJ1cGRhdGUiOjYwMDAwMDAwMDAwMH19",
          "dependencies": [
            "aws_security_group.chkp_ext_alb_sg",
            "aws_subnet.cg_nb_sub",
            "aws_vpc.cg_vpc",
            "data.aws_availability_zones.azs"
          ]
        }
      ]
    },
    {
      "mode": "managed",
      "type": "aws_lb",
      "name": "chkp_int_alb",
      "provider": "provider[\"registry.terraform.io/hashicorp/aws\"]",
      "instances": [
        {
          "schema_version": 0,
          "attributes": {
            "access_logs": [
              {
                "bucket": "",
                "enabled": false,
                "prefix": ""
              }
            ],
            "arn": "arn:aws:elasticloadbalancing:ap-southeast-1:331283279341:loadbalancer/app/chkp-int-alb/ad2471f87679deaa",
            "arn_suffix": "app/chkp-int-alb/ad2471f87679deaa",
            "customer_owned_ipv4_pool": "",
            "dns_name": "internal-chkp-int-alb-1959429797.ap-southeast-1.elb.amazonaws.com",
            "drop_invalid_header_fields": false,
            "enable_cross_zone_load_balancing": true,
            "enable_deletion_protection": false,
            "enable_http2": true,
            "id": "arn:aws:elasticloadbalancing:ap-southeast-1:331283279341:loadbalancer/app/chkp-int-alb/ad2471f87679deaa",
            "idle_timeout": 60,
            "internal": true,
            "ip_address_type": "ipv4",
            "load_balancer_type": "application",
            "name": "chkp-int-alb",
            "name_prefix": null,
            "security_groups": [
              "sg-0cb8d04c750ca4f8c"
            ],
            "subnet_mapping": [
              {
                "allocation_id": "",
                "ipv6_address": "",
                "outpost_id": "",
                "private_ipv4_address": "",
                "subnet_id": "subnet-00779bdcae7835765"
              },
              {
                "allocation_id": "",
                "ipv6_address": "",
                "outpost_id": "",
                "private_ipv4_address": "",
                "subnet_id": "subnet-063732229bea80a71"
              },
              {
                "allocation_id": "",
                "ipv6_address": "",
                "outpost_id": "",
                "private_ipv4_address": "",
                "subnet_id": "subnet-0b10b1641aeaf42f1"
              }
            ],
            "subnets": [
              "subnet-00779bdcae7835765",
              "subnet-063732229bea80a71",
              "subnet-0b10b1641aeaf42f1"
            ],
            "tags": {
              "x-chkp-forwarding": "HTTP-9080-80",
              "x-chkp-management": "cpsms",
              "x-chkp-template": "cptemplate"
            },
            "tags_all": {
              "x-chkp-forwarding": "HTTP-9080-80",
              "x-chkp-management": "cpsms",
              "x-chkp-template": "cptemplate"
            },
            "timeouts": null,
            "vpc_id": "vpc-072637554d2b85376",
            "zone_id": "Z1LMS91P8CMLE5"
          },
          "sensitive_attributes": [],
          "private": "eyJlMmJmYjczMC1lY2FhLTExZTYtOGY4OC0zNDM2M2JjN2M0YzAiOnsiY3JlYXRlIjo2MDAwMDAwMDAwMDAsImRlbGV0ZSI6NjAwMDAwMDAwMDAwLCJ1cGRhdGUiOjYwMDAwMDAwMDAwMH19",
          "dependencies": [
            "aws_security_group.chkp_int_alb_sg",
            "aws_subnet.cg_web_sub",
            "aws_vpc.cg_vpc",
            "data.aws_availability_zones.azs"
          ]
        }
      ]
    },
    {
      "mode": "managed",
      "type": "aws_lb_listener",
      "name": "chkp_ext_alb_listener",
      "provider": "provider[\"registry.terraform.io/hashicorp/aws\"]",
      "instances": [
        {
          "schema_version": 0,
          "attributes": {
            "alpn_policy": null,
            "arn": "arn:aws:elasticloadbalancing:ap-southeast-1:331283279341:listener/app/chkp-ext-alb/4beab940b56e90fe/237dd11f0bcf8a9a",
            "certificate_arn": null,
            "default_action": [
              {
                "authenticate_cognito": [],
                "authenticate_oidc": [],
                "fixed_response": [],
                "forward": [],
                "order": 1,
                "redirect": [],
                "target_group_arn": "arn:aws:elasticloadbalancing:ap-southeast-1:331283279341:targetgroup/chkp-ext-alb-tg/b39e70dd8dc538d3",
                "type": "forward"
              }
            ],
            "id": "arn:aws:elasticloadbalancing:ap-southeast-1:331283279341:listener/app/chkp-ext-alb/4beab940b56e90fe/237dd11f0bcf8a9a",
            "load_balancer_arn": "arn:aws:elasticloadbalancing:ap-southeast-1:331283279341:loadbalancer/app/chkp-ext-alb/4beab940b56e90fe",
            "port": 80,
            "protocol": "HTTP",
            "ssl_policy": "",
            "tags": null,
            "tags_all": {},
            "timeouts": null
          },
          "sensitive_attributes": [],
          "private": "eyJlMmJmYjczMC1lY2FhLTExZTYtOGY4OC0zNDM2M2JjN2M0YzAiOnsicmVhZCI6NjAwMDAwMDAwMDAwfX0=",
          "dependencies": [
            "aws_lb.chkp_ext_alb",
            "aws_lb_target_group.chkp_ext_alb_tg",
            "aws_security_group.chkp_ext_alb_sg",
            "aws_subnet.cg_nb_sub",
            "aws_vpc.cg_vpc",
            "data.aws_availability_zones.azs"
          ]
        }
      ]
    },
    {
      "mode": "managed",
      "type": "aws_lb_listener",
      "name": "chkp_int_alb_listener",
      "provider": "provider[\"registry.terraform.io/hashicorp/aws\"]",
      "instances": [
        {
          "schema_version": 0,
          "attributes": {
            "alpn_policy": null,
            "arn": "arn:aws:elasticloadbalancing:ap-southeast-1:331283279341:listener/app/chkp-int-alb/ad2471f87679deaa/7b799e077f6f5ed4",
            "certificate_arn": null,
            "default_action": [
              {
                "authenticate_cognito": [],
                "authenticate_oidc": [],
                "fixed_response": [],
                "forward": [],
                "order": 1,
                "redirect": [],
                "target_group_arn": "arn:aws:elasticloadbalancing:ap-southeast-1:331283279341:targetgroup/chkp-int-lb-tg/a356421219e46b28",
                "type": "forward"
              }
            ],
            "id": "arn:aws:elasticloadbalancing:ap-southeast-1:331283279341:listener/app/chkp-int-alb/ad2471f87679deaa/7b799e077f6f5ed4",
            "load_balancer_arn": "arn:aws:elasticloadbalancing:ap-southeast-1:331283279341:loadbalancer/app/chkp-int-alb/ad2471f87679deaa",
            "port": 80,
            "protocol": "HTTP",
            "ssl_policy": "",
            "tags": null,
            "tags_all": {},
            "timeouts": null
          },
          "sensitive_attributes": [],
          "private": "eyJlMmJmYjczMC1lY2FhLTExZTYtOGY4OC0zNDM2M2JjN2M0YzAiOnsicmVhZCI6NjAwMDAwMDAwMDAwfX0=",
          "dependencies": [
            "aws_lb.chkp_int_alb",
            "aws_lb_target_group.chkp_int_alb_tg",
            "aws_security_group.chkp_int_alb_sg",
            "aws_subnet.cg_web_sub",
            "aws_vpc.cg_vpc",
            "data.aws_availability_zones.azs"
          ]
        }
      ]
    },
    {
      "mode": "managed",
      "type": "aws_lb_target_group",
      "name": "chkp_ext_alb_tg",
      "provider": "provider[\"registry.terraform.io/hashicorp/aws\"]",
      "instances": [
        {
          "schema_version": 0,
          "attributes": {
            "arn": "arn:aws:elasticloadbalancing:ap-southeast-1:331283279341:targetgroup/chkp-ext-alb-tg/b39e70dd8dc538d3",
            "arn_suffix": "targetgroup/chkp-ext-alb-tg/b39e70dd8dc538d3",
            "deregistration_delay": "300",
            "health_check": [
              {
                "enabled": true,
                "healthy_threshold": 3,
                "interval": 30,
                "matcher": "200",
                "path": "/",
                "port": "traffic-port",
                "protocol": "HTTP",
                "timeout": 5,
                "unhealthy_threshold": 3
              }
            ],
            "id": "arn:aws:elasticloadbalancing:ap-southeast-1:331283279341:targetgroup/chkp-ext-alb-tg/b39e70dd8dc538d3",
            "lambda_multi_value_headers_enabled": false,
            "load_balancing_algorithm_type": "round_robin",
            "name": "chkp-ext-alb-tg",
            "name_prefix": null,
            "port": 9080,
            "preserve_client_ip": null,
            "protocol": "HTTP",
            "protocol_version": "HTTP1",
            "proxy_protocol_v2": false,
            "slow_start": 0,
            "stickiness": [
              {
                "cookie_duration": 86400,
                "cookie_name": "",
                "enabled": false,
                "type": "lb_cookie"
              }
            ],
            "tags": {
              "name": "chkp-asg-thtan_ext_alb_tg"
            },
            "tags_all": {
              "name": "chkp-asg-thtan_ext_alb_tg"
            },
            "target_type": "instance",
            "vpc_id": "vpc-072637554d2b85376"
          },
          "sensitive_attributes": [],
          "private": "bnVsbA==",
          "dependencies": [
            "aws_vpc.cg_vpc"
          ]
        }
      ]
    },
    {
      "mode": "managed",
      "type": "aws_lb_target_group",
      "name": "chkp_int_alb_tg",
      "provider": "provider[\"registry.terraform.io/hashicorp/aws\"]",
      "instances": [
        {
          "schema_version": 0,
          "attributes": {
            "arn": "arn:aws:elasticloadbalancing:ap-southeast-1:331283279341:targetgroup/chkp-int-lb-tg/a356421219e46b28",
            "arn_suffix": "targetgroup/chkp-int-lb-tg/a356421219e46b28",
            "deregistration_delay": "300",
            "health_check": [
              {
                "enabled": true,
                "healthy_threshold": 5,
                "interval": 30,
                "matcher": "200",
                "path": "/",
                "port": "traffic-port",
                "protocol": "HTTP",
                "timeout": 5,
                "unhealthy_threshold": 2
              }
            ],
            "id": "arn:aws:elasticloadbalancing:ap-southeast-1:331283279341:targetgroup/chkp-int-lb-tg/a356421219e46b28",
            "lambda_multi_value_headers_enabled": false,
            "load_balancing_algorithm_type": "round_robin",
            "name": "chkp-int-lb-tg",
            "name_prefix": null,
            "port": 80,
            "preserve_client_ip": null,
            "protocol": "HTTP",
            "protocol_version": "HTTP1",
            "proxy_protocol_v2": false,
            "slow_start": 0,
            "stickiness": [
              {
                "cookie_duration": 86400,
                "cookie_name": "",
                "enabled": false,
                "type": "lb_cookie"
              }
            ],
            "tags": {
              "name": "chkp-asg-thtan_int_alb_tg"
            },
            "tags_all": {
              "name": "chkp-asg-thtan_int_alb_tg"
            },
            "target_type": "instance",
            "vpc_id": "vpc-072637554d2b85376"
          },
          "sensitive_attributes": [],
          "private": "bnVsbA==",
          "dependencies": [
            "aws_vpc.cg_vpc"
          ]
        }
      ]
    },
    {
      "mode": "managed",
      "type": "aws_lb_target_group_attachment",
      "name": "chkp_int_alb_tg_attachment",
      "provider": "provider[\"registry.terraform.io/hashicorp/aws\"]",
      "instances": [
        {
          "index_key": 0,
          "schema_version": 0,
          "attributes": {
            "availability_zone": null,
            "id": "arn:aws:elasticloadbalancing:ap-southeast-1:331283279341:targetgroup/chkp-int-lb-tg/a356421219e46b28-20240412092531766600000005",
            "port": 80,
            "target_group_arn": "arn:aws:elasticloadbalancing:ap-southeast-1:331283279341:targetgroup/chkp-int-lb-tg/a356421219e46b28",
            "target_id": "i-068742702a6c840e4"
          },
          "sensitive_attributes": [],
          "private": "bnVsbA==",
          "dependencies": [
            "aws_instance.aws_webserver_instance",
            "aws_lb_target_group.chkp_int_alb_tg",
            "aws_security_group.chkp_webserver_sg",
            "aws_subnet.cg_web_sub",
            "aws_vpc.cg_vpc",
            "data.aws_ami.aws_webserver",
            "data.aws_availability_zones.azs"
          ]
        },
        {
          "index_key": 1,
          "schema_version": 0,
          "attributes": {
            "availability_zone": null,
            "id": "arn:aws:elasticloadbalancing:ap-southeast-1:331283279341:targetgroup/chkp-int-lb-tg/a356421219e46b28-20240412092531472500000003",
            "port": 80,
            "target_group_arn": "arn:aws:elasticloadbalancing:ap-southeast-1:331283279341:targetgroup/chkp-int-lb-tg/a356421219e46b28",
            "target_id": "i-0418dc66ddc458513"
          },
          "sensitive_attributes": [],
          "private": "bnVsbA==",
          "dependencies": [
            "aws_instance.aws_webserver_instance",
            "aws_lb_target_group.chkp_int_alb_tg",
            "aws_security_group.chkp_webserver_sg",
            "aws_subnet.cg_web_sub",
            "aws_vpc.cg_vpc",
            "data.aws_ami.aws_webserver",
            "data.aws_availability_zones.azs"
          ]
        },
        {
          "index_key": 2,
          "schema_version": 0,
          "attributes": {
            "availability_zone": null,
            "id": "arn:aws:elasticloadbalancing:ap-southeast-1:331283279341:targetgroup/chkp-int-lb-tg/a356421219e46b28-20240412092531496700000004",
            "port": 80,
            "target_group_arn": "arn:aws:elasticloadbalancing:ap-southeast-1:331283279341:targetgroup/chkp-int-lb-tg/a356421219e46b28",
            "target_id": "i-0ed8d519ce64b1f83"
          },
          "sensitive_attributes": [],
          "private": "bnVsbA==",
          "dependencies": [
            "aws_instance.aws_webserver_instance",
            "aws_lb_target_group.chkp_int_alb_tg",
            "aws_security_group.chkp_webserver_sg",
            "aws_subnet.cg_web_sub",
            "aws_vpc.cg_vpc",
            "data.aws_ami.aws_webserver",
            "data.aws_availability_zones.azs"
          ]
        }
      ]
    },
    {
      "mode": "managed",
      "type": "aws_route_table",
      "name": "cg_nb_rt",
      "provider": "provider[\"registry.terraform.io/hashicorp/aws\"]",
      "instances": [
        {
          "schema_version": 0,
          "attributes": {
            "arn": "arn:aws:ec2:ap-southeast-1:331283279341:route-table/rtb-0f494333bdf845d44",
            "id": "rtb-0f494333bdf845d44",
            "owner_id": "331283279341",
            "propagating_vgws": [],
            "route": [
              {
                "carrier_gateway_id": "",
                "cidr_block": "0.0.0.0/0",
                "destination_prefix_list_id": "",
                "egress_only_gateway_id": "",
                "gateway_id": "igw-00a2016a45114d89e",
                "instance_id": "",
                "ipv6_cidr_block": "",
                "local_gateway_id": "",
                "nat_gateway_id": "",
                "network_interface_id": "",
                "transit_gateway_id": "",
                "vpc_endpoint_id": "",
                "vpc_peering_connection_id": ""
              }
            ],
            "tags": {
              "Name": "chkp-asg-thtan_nb_rt"
            },
            "tags_all": {
              "Name": "chkp-asg-thtan_nb_rt"
            },
            "timeouts": null,
            "vpc_id": "vpc-072637554d2b85376"
          },
          "sensitive_attributes": [],
          "private": "eyJlMmJmYjczMC1lY2FhLTExZTYtOGY4OC0zNDM2M2JjN2M0YzAiOnsiY3JlYXRlIjoxMjAwMDAwMDAwMDAsImRlbGV0ZSI6MzAwMDAwMDAwMDAwLCJ1cGRhdGUiOjEyMDAwMDAwMDAwMH19",
          "dependencies": [
            "aws_internet_gateway.cg_igw",
            "aws_vpc.cg_vpc"
          ]
        }
      ]
    },
    {
      "mode": "managed",
      "type": "aws_route_table",
      "name": "cg_web_rt",
      "provider": "provider[\"registry.terraform.io/hashicorp/aws\"]",
      "instances": [
        {
          "schema_version": 0,
          "attributes": {
            "arn": "arn:aws:ec2:ap-southeast-1:331283279341:route-table/rtb-017034695bcbdc33f",
            "id": "rtb-017034695bcbdc33f",
            "owner_id": "331283279341",
            "propagating_vgws": [],
            "route": [],
            "tags": {
              "Name": "chkp-asg-thtan_web_rt"
            },
            "tags_all": {
              "Name": "chkp-asg-thtan_web_rt"
            },
            "timeouts": null,
            "vpc_id": "vpc-072637554d2b85376"
          },
          "sensitive_attributes": [],
          "private": "eyJlMmJmYjczMC1lY2FhLTExZTYtOGY4OC0zNDM2M2JjN2M0YzAiOnsiY3JlYXRlIjoxMjAwMDAwMDAwMDAsImRlbGV0ZSI6MzAwMDAwMDAwMDAwLCJ1cGRhdGUiOjEyMDAwMDAwMDAwMH19",
          "dependencies": [
            "aws_vpc.cg_vpc"
          ]
        }
      ]
    },
    {
      "mode": "managed",
      "type": "aws_route_table_association",
      "name": "cg_mgmt_sub_assoc",
      "provider": "provider[\"registry.terraform.io/hashicorp/aws\"]",
      "instances": [
        {
          "schema_version": 0,
          "attributes": {
            "gateway_id": "",
            "id": "rtbassoc-04129791dee604154",
            "route_table_id": "rtb-0f494333bdf845d44",
            "subnet_id": "subnet-00fa8caa812b900f6"
          },
          "sensitive_attributes": [],
          "private": "bnVsbA==",
          "dependencies": [
            "aws_internet_gateway.cg_igw",
            "aws_route_table.cg_nb_rt",
            "aws_subnet.cg_mgmt_a_sub",
            "aws_vpc.cg_vpc"
          ]
        }
      ]
    },
    {
      "mode": "managed",
      "type": "aws_route_table_association",
      "name": "cg_nb_sub_assoc",
      "provider": "provider[\"registry.terraform.io/hashicorp/aws\"]",
      "instances": [
        {
          "index_key": 0,
          "schema_version": 0,
          "attributes": {
            "gateway_id": "",
            "id": "rtbassoc-09792acd923744d9b",
            "route_table_id": "rtb-0f494333bdf845d44",
            "subnet_id": "subnet-022889e134e82157d"
          },
          "sensitive_attributes": [],
          "private": "bnVsbA==",
          "dependencies": [
            "aws_internet_gateway.cg_igw",
            "aws_route_table.cg_nb_rt",
            "aws_subnet.cg_nb_sub",
            "aws_vpc.cg_vpc",
            "data.aws_availability_zones.azs"
          ]
        },
        {
          "index_key": 1,
          "schema_version": 0,
          "attributes": {
            "gateway_id": "",
            "id": "rtbassoc-09eacf252a262dcd3",
            "route_table_id": "rtb-0f494333bdf845d44",
            "subnet_id": "subnet-0ecdc20d8db46b41d"
          },
          "sensitive_attributes": [],
          "private": "bnVsbA==",
          "dependencies": [
            "aws_internet_gateway.cg_igw",
            "aws_route_table.cg_nb_rt",
            "aws_subnet.cg_nb_sub",
            "aws_vpc.cg_vpc",
            "data.aws_availability_zones.azs"
          ]
        },
        {
          "index_key": 2,
          "schema_version": 0,
          "attributes": {
            "gateway_id": "",
            "id": "rtbassoc-017ad240f8d908a26",
            "route_table_id": "rtb-0f494333bdf845d44",
            "subnet_id": "subnet-03632329693af1d63"
          },
          "sensitive_attributes": [],
          "private": "bnVsbA==",
          "dependencies": [
            "aws_internet_gateway.cg_igw",
            "aws_route_table.cg_nb_rt",
            "aws_subnet.cg_nb_sub",
            "aws_vpc.cg_vpc",
            "data.aws_availability_zones.azs"
          ]
        }
      ]
    },
    {
      "mode": "managed",
      "type": "aws_route_table_association",
      "name": "cg_web_sub_assoc",
      "provider": "provider[\"registry.terraform.io/hashicorp/aws\"]",
      "instances": [
        {
          "index_key": 0,
          "schema_version": 0,
          "attributes": {
            "gateway_id": "",
            "id": "rtbassoc-0f921375b6f93117f",
            "route_table_id": "rtb-017034695bcbdc33f",
            "subnet_id": "subnet-0b10b1641aeaf42f1"
          },
          "sensitive_attributes": [],
          "private": "bnVsbA==",
          "dependencies": [
            "aws_route_table.cg_web_rt",
            "aws_subnet.cg_web_sub",
            "aws_vpc.cg_vpc",
            "data.aws_availability_zones.azs"
          ]
        },
        {
          "index_key": 1,
          "schema_version": 0,
          "attributes": {
            "gateway_id": "",
            "id": "rtbassoc-088eb945a87ed0bb2",
            "route_table_id": "rtb-017034695bcbdc33f",
            "subnet_id": "subnet-063732229bea80a71"
          },
          "sensitive_attributes": [],
          "private": "bnVsbA==",
          "dependencies": [
            "aws_route_table.cg_web_rt",
            "aws_subnet.cg_web_sub",
            "aws_vpc.cg_vpc",
            "data.aws_availability_zones.azs"
          ]
        },
        {
          "index_key": 2,
          "schema_version": 0,
          "attributes": {
            "gateway_id": "",
            "id": "rtbassoc-0052179f7e08e3934",
            "route_table_id": "rtb-017034695bcbdc33f",
            "subnet_id": "subnet-00779bdcae7835765"
          },
          "sensitive_attributes": [],
          "private": "bnVsbA==",
          "dependencies": [
            "aws_route_table.cg_web_rt",
            "aws_subnet.cg_web_sub",
            "aws_vpc.cg_vpc",
            "data.aws_availability_zones.azs"
          ]
        }
      ]
    },
    {
      "mode": "managed",
      "type": "aws_security_group",
      "name": "chkp_ext_alb_sg",
      "provider": "provider[\"registry.terraform.io/hashicorp/aws\"]",
      "instances": [
        {
          "schema_version": 1,
          "attributes": {
            "arn": "arn:aws:ec2:ap-southeast-1:331283279341:security-group/sg-06181c43d23f2e1c8",
            "description": "External Load Balancer Security Group",
            "egress": [
              {
                "cidr_blocks": [
                  "0.0.0.0/0"
                ],
                "description": "",
                "from_port": 0,
                "ipv6_cidr_blocks": [],
                "prefix_list_ids": [],
                "protocol": "-1",
                "security_groups": [],
                "self": false,
                "to_port": 0
              }
            ],
            "id": "sg-06181c43d23f2e1c8",
            "ingress": [
              {
                "cidr_blocks": [
                  "0.0.0.0/0"
                ],
                "description": "",
                "from_port": 443,
                "ipv6_cidr_blocks": [],
                "prefix_list_ids": [],
                "protocol": "tcp",
                "security_groups": [],
                "self": false,
                "to_port": 443
              },
              {
                "cidr_blocks": [
                  "0.0.0.0/0"
                ],
                "description": "",
                "from_port": 80,
                "ipv6_cidr_blocks": [],
                "prefix_list_ids": [],
                "protocol": "tcp",
                "security_groups": [],
                "self": false,
                "to_port": 80
              }
            ],
            "name": "chkp-asg-thtan-ext-lb-sg",
            "name_prefix": "",
            "owner_id": "331283279341",
            "revoke_rules_on_delete": false,
            "tags": {
              "Name": "chkp-asg-thtan-ext-alb-sg"
            },
            "tags_all": {
              "Name": "chkp-asg-thtan-ext-alb-sg"
            },
            "timeouts": null,
            "vpc_id": "vpc-072637554d2b85376"
          },
          "sensitive_attributes": [],
          "private": "eyJlMmJmYjczMC1lY2FhLTExZTYtOGY4OC0zNDM2M2JjN2M0YzAiOnsiY3JlYXRlIjo2MDAwMDAwMDAwMDAsImRlbGV0ZSI6OTAwMDAwMDAwMDAwfSwic2NoZW1hX3ZlcnNpb24iOiIxIn0=",
          "dependencies": [
            "aws_vpc.cg_vpc"
          ]
        }
      ]
    },
    {
      "mode": "managed",
      "type": "aws_security_group",
      "name": "chkp_int_alb_sg",
      "provider": "provider[\"registry.terraform.io/hashicorp/aws\"]",
      "instances": [
        {
          "schema_version": 1,
          "attributes": {
            "arn": "arn:aws:ec2:ap-southeast-1:331283279341:security-group/sg-0cb8d04c750ca4f8c",
            "description": "Internal Load Balancer Security Group",
            "egress": [
              {
                "cidr_blocks": [
                  "0.0.0.0/0"
                ],
                "description": "",
                "from_port": 0,
                "ipv6_cidr_blocks": [],
                "prefix_list_ids": [],
                "protocol": "-1",
                "security_groups": [],
                "self": false,
                "to_port": 0
              }
            ],
            "id": "sg-0cb8d04c750ca4f8c",
            "ingress": [
              {
                "cidr_blocks": [
                  "0.0.0.0/0"
                ],
                "description": "",
                "from_port": 443,
                "ipv6_cidr_blocks": [],
                "prefix_list_ids": [],
                "protocol": "tcp",
                "security_groups": [],
                "self": false,
                "to_port": 443
              },
              {
                "cidr_blocks": [
                  "0.0.0.0/0"
                ],
                "description": "",
                "from_port": 80,
                "ipv6_cidr_blocks": [],
                "prefix_list_ids": [],
                "protocol": "tcp",
                "security_groups": [],
                "self": false,
                "to_port": 80
              }
            ],
            "name": "chkp-asg-thtan-int-lb-sg",
            "name_prefix": "",
            "owner_id": "331283279341",
            "revoke_rules_on_delete": false,
            "tags": {
              "Name": "chkp-asg-thtan-int-alb-sg"
            },
            "tags_all": {
              "Name": "chkp-asg-thtan-int-alb-sg"
            },
            "timeouts": null,
            "vpc_id": "vpc-072637554d2b85376"
          },
          "sensitive_attributes": [],
          "private": "eyJlMmJmYjczMC1lY2FhLTExZTYtOGY4OC0zNDM2M2JjN2M0YzAiOnsiY3JlYXRlIjo2MDAwMDAwMDAwMDAsImRlbGV0ZSI6OTAwMDAwMDAwMDAwfSwic2NoZW1hX3ZlcnNpb24iOiIxIn0=",
          "dependencies": [
            "aws_vpc.cg_vpc"
          ]
        }
      ]
    },
    {
      "mode": "managed",
      "type": "aws_security_group",
      "name": "chkp_webserver_sg",
      "provider": "provider[\"registry.terraform.io/hashicorp/aws\"]",
      "instances": [
        {
          "schema_version": 1,
          "attributes": {
            "arn": "arn:aws:ec2:ap-southeast-1:331283279341:security-group/sg-0e363ed96786b6ee9",
            "description": "Webserver Security Group",
            "egress": [
              {
                "cidr_blocks": [
                  "0.0.0.0/0"
                ],
                "description": "",
                "from_port": 0,
                "ipv6_cidr_blocks": [],
                "prefix_list_ids": [],
                "protocol": "-1",
                "security_groups": [],
                "self": false,
                "to_port": 0
              }
            ],
            "id": "sg-0e363ed96786b6ee9",
            "ingress": [
              {
                "cidr_blocks": [
                  "0.0.0.0/0"
                ],
                "description": "",
                "from_port": 443,
                "ipv6_cidr_blocks": [],
                "prefix_list_ids": [],
                "protocol": "tcp",
                "security_groups": [],
                "self": false,
                "to_port": 443
              },
              {
                "cidr_blocks": [
                  "0.0.0.0/0"
                ],
                "description": "",
                "from_port": 80,
                "ipv6_cidr_blocks": [],
                "prefix_list_ids": [],
                "protocol": "tcp",
                "security_groups": [],
                "self": false,
                "to_port": 80
              }
            ],
            "name": "chkp-asg-thtan-webserver-sg",
            "name_prefix": "",
            "owner_id": "331283279341",
            "revoke_rules_on_delete": false,
            "tags": {
              "Name": "chkp-webserver-sg"
            },
            "tags_all": {
              "Name": "chkp-webserver-sg"
            },
            "timeouts": null,
            "vpc_id": "vpc-072637554d2b85376"
          },
          "sensitive_attributes": [],
          "private": "eyJlMmJmYjczMC1lY2FhLTExZTYtOGY4OC0zNDM2M2JjN2M0YzAiOnsiY3JlYXRlIjo2MDAwMDAwMDAwMDAsImRlbGV0ZSI6OTAwMDAwMDAwMDAwfSwic2NoZW1hX3ZlcnNpb24iOiIxIn0=",
          "dependencies": [
            "aws_vpc.cg_vpc"
          ]
        }
      ]
    },
    {
      "mode": "managed",
      "type": "aws_subnet",
      "name": "cg_mgmt_a_sub",
      "provider": "provider[\"registry.terraform.io/hashicorp/aws\"]",
      "instances": [
        {
          "schema_version": 1,
          "attributes": {
            "arn": "arn:aws:ec2:ap-southeast-1:331283279341:subnet/subnet-00fa8caa812b900f6",
            "assign_ipv6_address_on_creation": false,
            "availability_zone": "ap-southeast-1a",
            "availability_zone_id": "apse1-az2",
            "cidr_block": "10.168.1.0/24",
            "customer_owned_ipv4_pool": "",
            "id": "subnet-00fa8caa812b900f6",
            "ipv6_cidr_block": "",
            "ipv6_cidr_block_association_id": "",
            "map_customer_owned_ip_on_launch": false,
            "map_public_ip_on_launch": false,
            "outpost_arn": "",
            "owner_id": "331283279341",
            "tags": {
              "Name": "chkp-asg-thtan_mgmt_sub_1"
            },
            "tags_all": {
              "Name": "chkp-asg-thtan_mgmt_sub_1"
            },
            "timeouts": null,
            "vpc_id": "vpc-072637554d2b85376"
          },
          "sensitive_attributes": [],
          "private": "eyJlMmJmYjczMC1lY2FhLTExZTYtOGY4OC0zNDM2M2JjN2M0YzAiOnsiY3JlYXRlIjo2MDAwMDAwMDAwMDAsImRlbGV0ZSI6MTIwMDAwMDAwMDAwMH0sInNjaGVtYV92ZXJzaW9uIjoiMSJ9",
          "dependencies": [
            "aws_vpc.cg_vpc"
          ]
        }
      ]
    },
    {
      "mode": "managed",
      "type": "aws_subnet",
      "name": "cg_nb_sub",
      "provider": "provider[\"registry.terraform.io/hashicorp/aws\"]",
      "instances": [
        {
          "index_key": 0,
          "schema_version": 1,
          "attributes": {
            "arn": "arn:aws:ec2:ap-southeast-1:331283279341:subnet/subnet-022889e134e82157d",
            "assign_ipv6_address_on_creation": false,
            "availability_zone": "ap-southeast-1a",
            "availability_zone_id": "apse1-az2",
            "cidr_block": "10.168.10.0/24",
            "customer_owned_ipv4_pool": "",
            "id": "subnet-022889e134e82157d",
            "ipv6_cidr_block": "",
            "ipv6_cidr_block_association_id": "",
            "map_customer_owned_ip_on_launch": false,
            "map_public_ip_on_launch": false,
            "outpost_arn": "",
            "owner_id": "331283279341",
            "tags": {
              "Name": "chkp-asg-thtan_nb_sub_1"
            },
            "tags_all": {
              "Name": "chkp-asg-thtan_nb_sub_1"
            },
            "timeouts": null,
            "vpc_id": "vpc-072637554d2b85376"
          },
          "sensitive_attributes": [],
          "private": "eyJlMmJmYjczMC1lY2FhLTExZTYtOGY4OC0zNDM2M2JjN2M0YzAiOnsiY3JlYXRlIjo2MDAwMDAwMDAwMDAsImRlbGV0ZSI6MTIwMDAwMDAwMDAwMH0sInNjaGVtYV92ZXJzaW9uIjoiMSJ9",
          "dependencies": [
            "aws_vpc.cg_vpc",
            "data.aws_availability_zones.azs"
          ]
        },
        {
          "index_key": 1,
          "schema_version": 1,
          "attributes": {
            "arn": "arn:aws:ec2:ap-southeast-1:331283279341:subnet/subnet-0ecdc20d8db46b41d",
            "assign_ipv6_address_on_creation": false,
            "availability_zone": "ap-southeast-1b",
            "availability_zone_id": "apse1-az1",
            "cidr_block": "10.168.11.0/24",
            "customer_owned_ipv4_pool": "",
            "id": "subnet-0ecdc20d8db46b41d",
            "ipv6_cidr_block": "",
            "ipv6_cidr_block_association_id": "",
            "map_customer_owned_ip_on_launch": false,
            "map_public_ip_on_launch": false,
            "outpost_arn": "",
            "owner_id": "331283279341",
            "tags": {
              "Name": "chkp-asg-thtan_nb_sub_2"
            },
            "tags_all": {
              "Name": "chkp-asg-thtan_nb_sub_2"
            },
            "timeouts": null,
            "vpc_id": "vpc-072637554d2b85376"
          },
          "sensitive_attributes": [],
          "private": "eyJlMmJmYjczMC1lY2FhLTExZTYtOGY4OC0zNDM2M2JjN2M0YzAiOnsiY3JlYXRlIjo2MDAwMDAwMDAwMDAsImRlbGV0ZSI6MTIwMDAwMDAwMDAwMH0sInNjaGVtYV92ZXJzaW9uIjoiMSJ9",
          "dependencies": [
            "aws_vpc.cg_vpc",
            "data.aws_availability_zones.azs"
          ]
        },
        {
          "index_key": 2,
          "schema_version": 1,
          "attributes": {
            "arn": "arn:aws:ec2:ap-southeast-1:331283279341:subnet/subnet-03632329693af1d63",
            "assign_ipv6_address_on_creation": false,
            "availability_zone": "ap-southeast-1c",
            "availability_zone_id": "apse1-az3",
            "cidr_block": "10.168.12.0/24",
            "customer_owned_ipv4_pool": "",
            "id": "subnet-03632329693af1d63",
            "ipv6_cidr_block": "",
            "ipv6_cidr_block_association_id": "",
            "map_customer_owned_ip_on_launch": false,
            "map_public_ip_on_launch": false,
            "outpost_arn": "",
            "owner_id": "331283279341",
            "tags": {
              "Name": "chkp-asg-thtan_nb_sub_3"
            },
            "tags_all": {
              "Name": "chkp-asg-thtan_nb_sub_3"
            },
            "timeouts": null,
            "vpc_id": "vpc-072637554d2b85376"
          },
          "sensitive_attributes": [],
          "private": "eyJlMmJmYjczMC1lY2FhLTExZTYtOGY4OC0zNDM2M2JjN2M0YzAiOnsiY3JlYXRlIjo2MDAwMDAwMDAwMDAsImRlbGV0ZSI6MTIwMDAwMDAwMDAwMH0sInNjaGVtYV92ZXJzaW9uIjoiMSJ9",
          "dependencies": [
            "aws_vpc.cg_vpc",
            "data.aws_availability_zones.azs"
          ]
        }
      ]
    },
    {
      "mode": "managed",
      "type": "aws_subnet",
      "name": "cg_web_sub",
      "provider": "provider[\"registry.terraform.io/hashicorp/aws\"]",
      "instances": [
        {
          "index_key": 0,
          "schema_version": 1,
          "attributes": {
            "arn": "arn:aws:ec2:ap-southeast-1:331283279341:subnet/subnet-0b10b1641aeaf42f1",
            "assign_ipv6_address_on_creation": false,
            "availability_zone": "ap-southeast-1a",
            "availability_zone_id": "apse1-az2",
            "cidr_block": "10.168.20.0/24",
            "customer_owned_ipv4_pool": "",
            "id": "subnet-0b10b1641aeaf42f1",
            "ipv6_cidr_block": "",
            "ipv6_cidr_block_association_id": "",
            "map_customer_owned_ip_on_launch": false,
            "map_public_ip_on_launch": false,
            "outpost_arn": "",
            "owner_id": "331283279341",
            "tags": {
              "Name": "chkp-asg-thtan_web_sub_1"
            },
            "tags_all": {
              "Name": "chkp-asg-thtan_web_sub_1"
            },
            "timeouts": null,
            "vpc_id": "vpc-072637554d2b85376"
          },
          "sensitive_attributes": [],
          "private": "eyJlMmJmYjczMC1lY2FhLTExZTYtOGY4OC0zNDM2M2JjN2M0YzAiOnsiY3JlYXRlIjo2MDAwMDAwMDAwMDAsImRlbGV0ZSI6MTIwMDAwMDAwMDAwMH0sInNjaGVtYV92ZXJzaW9uIjoiMSJ9",
          "dependencies": [
            "aws_vpc.cg_vpc",
            "data.aws_availability_zones.azs"
          ]
        },
        {
          "index_key": 1,
          "schema_version": 1,
          "attributes": {
            "arn": "arn:aws:ec2:ap-southeast-1:331283279341:subnet/subnet-063732229bea80a71",
            "assign_ipv6_address_on_creation": false,
            "availability_zone": "ap-southeast-1b",
            "availability_zone_id": "apse1-az1",
            "cidr_block": "10.168.21.0/24",
            "customer_owned_ipv4_pool": "",
            "id": "subnet-063732229bea80a71",
            "ipv6_cidr_block": "",
            "ipv6_cidr_block_association_id": "",
            "map_customer_owned_ip_on_launch": false,
            "map_public_ip_on_launch": false,
            "outpost_arn": "",
            "owner_id": "331283279341",
            "tags": {
              "Name": "chkp-asg-thtan_web_sub_2"
            },
            "tags_all": {
              "Name": "chkp-asg-thtan_web_sub_2"
            },
            "timeouts": null,
            "vpc_id": "vpc-072637554d2b85376"
          },
          "sensitive_attributes": [],
          "private": "eyJlMmJmYjczMC1lY2FhLTExZTYtOGY4OC0zNDM2M2JjN2M0YzAiOnsiY3JlYXRlIjo2MDAwMDAwMDAwMDAsImRlbGV0ZSI6MTIwMDAwMDAwMDAwMH0sInNjaGVtYV92ZXJzaW9uIjoiMSJ9",
          "dependencies": [
            "aws_vpc.cg_vpc",
            "data.aws_availability_zones.azs"
          ]
        },
        {
          "index_key": 2,
          "schema_version": 1,
          "attributes": {
            "arn": "arn:aws:ec2:ap-southeast-1:331283279341:subnet/subnet-00779bdcae7835765",
            "assign_ipv6_address_on_creation": false,
            "availability_zone": "ap-southeast-1c",
            "availability_zone_id": "apse1-az3",
            "cidr_block": "10.168.22.0/24",
            "customer_owned_ipv4_pool": "",
            "id": "subnet-00779bdcae7835765",
            "ipv6_cidr_block": "",
            "ipv6_cidr_block_association_id": "",
            "map_customer_owned_ip_on_launch": false,
            "map_public_ip_on_launch": false,
            "outpost_arn": "",
            "owner_id": "331283279341",
            "tags": {
              "Name": "chkp-asg-thtan_web_sub_3"
            },
            "tags_all": {
              "Name": "chkp-asg-thtan_web_sub_3"
            },
            "timeouts": null,
            "vpc_id": "vpc-072637554d2b85376"
          },
          "sensitive_attributes": [],
          "private": "eyJlMmJmYjczMC1lY2FhLTExZTYtOGY4OC0zNDM2M2JjN2M0YzAiOnsiY3JlYXRlIjo2MDAwMDAwMDAwMDAsImRlbGV0ZSI6MTIwMDAwMDAwMDAwMH0sInNjaGVtYV92ZXJzaW9uIjoiMSJ9",
          "dependencies": [
            "aws_vpc.cg_vpc",
            "data.aws_availability_zones.azs"
          ]
        }
      ]
    },
    {
      "mode": "managed",
      "type": "aws_vpc",
      "name": "cg_vpc",
      "provider": "provider[\"registry.terraform.io/hashicorp/aws\"]",
      "instances": [
        {
          "schema_version": 1,
          "attributes": {
            "arn": "arn:aws:ec2:ap-southeast-1:331283279341:vpc/vpc-072637554d2b85376",
            "assign_generated_ipv6_cidr_block": false,
            "cidr_block": "10.168.0.0/16",
            "default_network_acl_id": "acl-00a28881d62433cb7",
            "default_route_table_id": "rtb-081135fedc8ad647f",
            "default_security_group_id": "sg-0ed9b94015c8cc618",
            "dhcp_options_id": "dopt-09688acf4dc7c238b",
            "enable_classiclink": false,
            "enable_classiclink_dns_support": false,
            "enable_dns_hostnames": false,
            "enable_dns_support": true,
            "id": "vpc-072637554d2b85376",
            "instance_tenancy": "default",
            "ipv6_association_id": "",
            "ipv6_cidr_block": "",
            "main_route_table_id": "rtb-081135fedc8ad647f",
            "owner_id": "331283279341",
            "tags": {
              "Name": "chkp-asg-thtan_vpc"
            },
            "tags_all": {
              "Name": "chkp-asg-thtan_vpc"
            }
          },
          "sensitive_attributes": [],
          "private": "eyJzY2hlbWFfdmVyc2lvbiI6IjEifQ=="
        }
      ]
    }
  ]
}
